// !$*UTF8*$!
{
	archiveVersion = 1;
	classes = {
	};
	objectVersion = 50;
	objects = {

/* Begin PBXBuildFile section */
		2F7F211022EA9C5E00223010 /* AppDelegate.swift in Sources */ = {isa = PBXBuildFile; fileRef = 2F7F210F22EA9C5E00223010 /* AppDelegate.swift */; };
		2F7F211222EA9C5E00223010 /* ViewController.swift in Sources */ = {isa = PBXBuildFile; fileRef = 2F7F211122EA9C5E00223010 /* ViewController.swift */; };
		2F7F211422EA9C6600223010 /* Assets.xcassets in Resources */ = {isa = PBXBuildFile; fileRef = 2F7F211322EA9C6600223010 /* Assets.xcassets */; };
		2F7F211722EA9C6600223010 /* Main.storyboard in Resources */ = {isa = PBXBuildFile; fileRef = 2F7F211522EA9C6600223010 /* Main.storyboard */; };
		2F7F212022EA9D6700223010 /* NodeSongName.swift in Sources */ = {isa = PBXBuildFile; fileRef = 2F7F211F22EA9D6700223010 /* NodeSongName.swift */; };
		2F7F212222EA9D8200223010 /* LeafRecordName.swift in Sources */ = {isa = PBXBuildFile; fileRef = 2F7F212122EA9D8200223010 /* LeafRecordName.swift */; };
/* End PBXBuildFile section */

/* Begin PBXFileReference section */
		2F7F210C22EA9C5E00223010 /* TryOulineView.app */ = {isa = PBXFileReference; explicitFileType = wrapper.application; includeInIndex = 0; path = TryOulineView.app; sourceTree = BUILT_PRODUCTS_DIR; };
		2F7F210F22EA9C5E00223010 /* AppDelegate.swift */ = {isa = PBXFileReference; lastKnownFileType = sourcecode.swift; path = AppDelegate.swift; sourceTree = "<group>"; };
		2F7F211122EA9C5E00223010 /* ViewController.swift */ = {isa = PBXFileReference; lastKnownFileType = sourcecode.swift; path = ViewController.swift; sourceTree = "<group>"; };
		2F7F211322EA9C6600223010 /* Assets.xcassets */ = {isa = PBXFileReference; lastKnownFileType = folder.assetcatalog; path = Assets.xcassets; sourceTree = "<group>"; };
		2F7F211622EA9C6600223010 /* Base */ = {isa = PBXFileReference; lastKnownFileType = file.storyboard; name = Base; path = Base.lproj/Main.storyboard; sourceTree = "<group>"; };
		2F7F211822EA9C6600223010 /* Info.plist */ = {isa = PBXFileReference; lastKnownFileType = text.plist.xml; path = Info.plist; sourceTree = "<group>"; };
		2F7F211922EA9C6600223010 /* TryOulineView.entitlements */ = {isa = PBXFileReference; lastKnownFileType = text.plist.entitlements; path = TryOulineView.entitlements; sourceTree = "<group>"; };
		2F7F211F22EA9D6700223010 /* NodeSongName.swift */ = {isa = PBXFileReference; lastKnownFileType = sourcecode.swift; path = NodeSongName.swift; sourceTree = "<group>"; };
		2F7F212122EA9D8200223010 /* LeafRecordName.swift */ = {isa = PBXFileReference; lastKnownFileType = sourcecode.swift; path = LeafRecordName.swift; sourceTree = "<group>"; };
/* End PBXFileReference section */

/* Begin PBXFrameworksBuildPhase section */
		2F7F210922EA9C5E00223010 /* Frameworks */ = {
			isa = PBXFrameworksBuildPhase;
			buildActionMask = 2147483647;
			files = (
			);
			runOnlyForDeploymentPostprocessing = 0;
		};
/* End PBXFrameworksBuildPhase section */

/* Begin PBXGroup section */
		2F7F210322EA9C5E00223010 = {
			isa = PBXGroup;
			children = (
				2F7F210E22EA9C5E00223010 /* TryOulineView */,
				2F7F210D22EA9C5E00223010 /* Products */,
			);
			sourceTree = "<group>";
		};
		2F7F210D22EA9C5E00223010 /* Products */ = {
			isa = PBXGroup;
			children = (
				2F7F210C22EA9C5E00223010 /* TryOulineView.app */,
			);
			name = Products;
			sourceTree = "<group>";
		};
		2F7F210E22EA9C5E00223010 /* TryOulineView */ = {
			isa = PBXGroup;
			children = (
				2F7F210F22EA9C5E00223010 /* AppDelegate.swift */,
				2F7F211122EA9C5E00223010 /* ViewController.swift */,
				2F7F211322EA9C6600223010 /* Assets.xcassets */,
				2F7F211522EA9C6600223010 /* Main.storyboard */,
				2F7F211822EA9C6600223010 /* Info.plist */,
				2F7F211922EA9C6600223010 /* TryOulineView.entitlements */,
				2F7F211F22EA9D6700223010 /* NodeSongName.swift */,
				2F7F212122EA9D8200223010 /* LeafRecordName.swift */,
			);
			path = TryOulineView;
			sourceTree = "<group>";
		};
/* End PBXGroup section */

/* Begin PBXNativeTarget section */
		2F7F210B22EA9C5E00223010 /* TryOulineView */ = {
			isa = PBXNativeTarget;
			buildConfigurationList = 2F7F211C22EA9C6600223010 /* Build configuration list for PBXNativeTarget "TryOulineView" */;
			buildPhases = (
				2F7F210822EA9C5E00223010 /* Sources */,
				2F7F210922EA9C5E00223010 /* Frameworks */,
				2F7F210A22EA9C5E00223010 /* Resources */,
			);
			buildRules = (
			);
			dependencies = (
			);
			name = TryOulineView;
			productName = TryOulineView;
			productReference = 2F7F210C22EA9C5E00223010 /* TryOulineView.app */;
			productType = "com.apple.product-type.application";
		};
/* End PBXNativeTarget section */

/* Begin PBXProject section */
		2F7F210422EA9C5E00223010 /* Project object */ = {
			isa = PBXProject;
			attributes = {
				LastSwiftUpdateCheck = 1010;
				LastUpgradeCheck = 1010;
				ORGANIZATIONNAME = yang;
				TargetAttributes = {
					2F7F210B22EA9C5E00223010 = {
						CreatedOnToolsVersion = 10.1;
					};
				};
			};
			buildConfigurationList = 2F7F210722EA9C5E00223010 /* Build configuration list for PBXProject "TryOulineView" */;
			compatibilityVersion = "Xcode 9.3";
			developmentRegion = en;
			hasScannedForEncodings = 0;
			knownRegions = (
				en,
				Base,
			);
			mainGroup = 2F7F210322EA9C5E00223010;
			productRefGroup = 2F7F210D22EA9C5E00223010 /* Products */;
			projectDirPath = "";
			projectRoot = "";
			targets = (
				2F7F210B22EA9C5E00223010 /* TryOulineView */,
			);
		};
/* End PBXProject section */

/* Begin PBXResourcesBuildPhase section */
		2F7F210A22EA9C5E00223010 /* Resources */ = {
			isa = PBXResourcesBuildPhase;
			buildActionMask = 2147483647;
			files = (
				2F7F211422EA9C6600223010 /* Assets.xcassets in Resources */,
				2F7F211722EA9C6600223010 /* Main.storyboard in Resources */,
			);
			runOnlyForDeploymentPostprocessing = 0;
		};
/* End PBXResourcesBuildPhase section */

/* Begin PBXSourcesBuildPhase section */
		2F7F210822EA9C5E00223010 /* Sources */ = {
			isa = PBXSourcesBuildPhase;
			buildActionMask = 2147483647;
			files = (
				2F7F211222EA9C5E00223010 /* ViewController.swift in Sources */,
				2F7F212022EA9D6700223010 /* NodeSongName.swift in Sources */,
				2F7F211022EA9C5E00223010 /* AppDelegate.swift in Sources */,
				2F7F212222EA9D8200223010 /* LeafRecordName.swift in Sources */,
			);
			runOnlyForDeploymentPostprocessing = 0;
		};
/* End PBXSourcesBuildPhase section */

/* Begin PBXVariantGroup section */
		2F7F211522EA9C6600223010 /* Main.storyboard */ = {
			isa = PBXVariantGroup;
			children = (
				2F7F211622EA9C6600223010 /* Base */,
			);
			name = Main.storyboard;
			sourceTree = "<group>";
		};
/* End PBXVariantGroup section */

/* Begin XCBuildConfiguration section */
		2F7F211A22EA9C6600223010 /* Debug */ = {
			isa = XCBuildConfiguration;
			buildSettings = {
				ALWAYS_SEARCH_USER_PATHS = NO;
				CLANG_ANALYZER_NONNULL = YES;
				CLANG_ANALYZER_NUMBER_OBJECT_CONVERSION = YES_AGGRESSIVE;
				CLANG_CXX_LANGUAGE_STANDARD = "gnu++14";
				CLANG_CXX_LIBRARY = "libc++";
				CLANG_ENABLE_MODULES = YES;
				CLANG_ENABLE_OBJC_ARC = YES;
				CLANG_ENABLE_OBJC_WEAK = YES;
				CLANG_WARN_BLOCK_CAPTURE_AUTORELEASING = YES;
				CLANG_WARN_BOOL_CONVERSION = YES;
				CLANG_WARN_COMMA = YES;
				CLANG_WARN_CONSTANT_CONVERSION = YES;
				CLANG_WARN_DEPRECATED_OBJC_IMPLEMENTATIONS = YES;
				CLANG_WARN_DIRECT_OBJC_ISA_USAGE = YES_ERROR;
				CLANG_WARN_DOCUMENTATION_COMMENTS = YES;
				CLANG_WARN_EMPTY_BODY = YES;
				CLANG_WARN_ENUM_CONVERSION = YES;
				CLANG_WARN_INFINITE_RECURSION = YES;
				CLANG_WARN_INT_CONVERSION = YES;
				CLANG_WARN_NON_LITERAL_NULL_CONVERSION = YES;
				CLANG_WARN_OBJC_IMPLICIT_RETAIN_SELF = YES;
				CLANG_WARN_OBJC_LITERAL_CONVERSION = YES;
				CLANG_WARN_OBJC_ROOT_CLASS = YES_ERROR;
				CLANG_WARN_RANGE_LOOP_ANALYSIS = YES;
				CLANG_WARN_STRICT_PROTOTYPES = YES;
				CLANG_WARN_SUSPICIOUS_MOVE = YES;
				CLANG_WARN_UNGUARDED_AVAILABILITY = YES_AGGRESSIVE;
				CLANG_WARN_UNREACHABLE_CODE = YES;
				CLANG_WARN__DUPLICATE_METHOD_MATCH = YES;
				CODE_SIGN_IDENTITY = "Mac Developer";
				COPY_PHASE_STRIP = NO;
				DEBUG_INFORMATION_FORMAT = dwarf;
				ENABLE_STRICT_OBJC_MSGSEND = YES;
				ENABLE_TESTABILITY = YES;
				GCC_C_LANGUAGE_STANDARD = gnu11;
				GCC_DYNAMIC_NO_PIC = NO;
				GCC_NO_COMMON_BLOCKS = YES;
				GCC_OPTIMIZATION_LEVEL = 0;
				GCC_PREPROCESSOR_DEFINITIONS = (
					"DEBUG=1",
					"$(inherited)",
				);
				GCC_WARN_64_TO_32_BIT_CONVERSION = YES;
				GCC_WARN_ABOUT_RETURN_TYPE = YES_ERROR;
				GCC_WARN_UNDECLARED_SELECTOR = YES;
				GCC_WARN_UNINITIALIZED_AUTOS = YES_AGGRESSIVE;
				GCC_WARN_UNUSED_FUNCTION = YES;
				GCC_WARN_UNUSED_VARIABLE = YES;
				MACOSX_DEPLOYMENT_TARGET = 10.14;
				MTL_ENABLE_DEBUG_INFO = INCLUDE_SOURCE;
				MTL_FAST_MATH = YES;
				ONLY_ACTIVE_ARCH = YES;
				SDKROOT = macosx;
				SWIFT_ACTIVE_COMPILATION_CONDITIONS = DEBUG;
				SWIFT_OPTIMIZATION_LEVEL = "-Onone";
			};
			name = Debug;
		};
		2F7F211B22EA9C6600223010 /* Release */ = {
			isa = XCBuildConfiguration;
			buildSettings = {
				ALWAYS_SEARCH_USER_PATHS = NO;
				CLANG_ANALYZER_NONNULL = YES;
				CLANG_ANALYZER_NUMBER_OBJECT_CONVERSION = YES_AGGRESSIVE;
				CLANG_CXX_LANGUAGE_STANDARD = "gnu++14";
				CLANG_CXX_LIBRARY = "libc++";
				CLANG_ENABLE_MODULES = YES;
				CLANG_ENABLE_OBJC_ARC = YES;
				CLANG_ENABLE_OBJC_WEAK = YES;
				CLANG_WARN_BLOCK_CAPTURE_AUTORELEASING = YES;
				CLANG_WARN_BOOL_CONVERSION = YES;
				CLANG_WARN_COMMA = YES;
				CLANG_WARN_CONSTANT_CONVERSION = YES;
				CLANG_WARN_DEPRECATED_OBJC_IMPLEMENTATIONS = YES;
				CLANG_WARN_DIRECT_OBJC_ISA_USAGE = YES_ERROR;
				CLANG_WARN_DOCUMENTATION_COMMENTS = YES;
				CLANG_WARN_EMPTY_BODY = YES;
				CLANG_WARN_ENUM_CONVERSION = YES;
				CLANG_WARN_INFINITE_RECURSION = YES;
				CLANG_WARN_INT_CONVERSION = YES;
				CLANG_WARN_NON_LITERAL_NULL_CONVERSION = YES;
				CLANG_WARN_OBJC_IMPLICIT_RETAIN_SELF = YES;
				CLANG_WARN_OBJC_LITERAL_CONVERSION = YES;
				CLANG_WARN_OBJC_ROOT_CLASS = YES_ERROR;
				CLANG_WARN_RANGE_LOOP_ANALYSIS = YES;
				CLANG_WARN_STRICT_PROTOTYPES = YES;
				CLANG_WARN_SUSPICIOUS_MOVE = YES;
				CLANG_WARN_UNGUARDED_AVAILABILITY = YES_AGGRESSIVE;
				CLANG_WARN_UNREACHABLE_CODE = YES;
				CLANG_WARN__DUPLICATE_METHOD_MATCH = YES;
				CODE_SIGN_IDENTITY = "Mac Developer";
				COPY_PHASE_STRIP = NO;
				DEBUG_INFORMATION_FORMAT = "dwarf-with-dsym";
				ENABLE_NS_ASSERTIONS = NO;
				ENABLE_STRICT_OBJC_MSGSEND = YES;
				GCC_C_LANGUAGE_STANDARD = gnu11;
				GCC_NO_COMMON_BLOCKS = YES;
				GCC_WARN_64_TO_32_BIT_CONVERSION = YES;
				GCC_WARN_ABOUT_RETURN_TYPE = YES_ERROR;
				GCC_WARN_UNDECLARED_SELECTOR = YES;
				GCC_WARN_UNINITIALIZED_AUTOS = YES_AGGRESSIVE;
				GCC_WARN_UNUSED_FUNCTION = YES;
				GCC_WARN_UNUSED_VARIABLE = YES;
				MACOSX_DEPLOYMENT_TARGET = 10.14;
				MTL_ENABLE_DEBUG_INFO = NO;
				MTL_FAST_MATH = YES;
				SDKROOT = macosx;
				SWIFT_COMPILATION_MODE = wholemodule;
				SWIFT_OPTIMIZATION_LEVEL = "-O";
			};
			name = Release;
		};
		2F7F211D22EA9C6600223010 /* Debug */ = {
			isa = XCBuildConfiguration;
			buildSettings = {
				ASSETCATALOG_COMPILER_APPICON_NAME = AppIcon;
				CODE_SIGN_ENTITLEMENTS = TryOulineView/TryOulineView.entitlements;
				CODE_SIGN_STYLE = Automatic;
				COMBINE_HIDPI_IMAGES = YES;
				DEVELOPMENT_TEAM = 27ZAM6TRCF;
				INFOPLIST_FILE = TryOulineView/Info.plist;
				LD_RUNPATH_SEARCH_PATHS = (
					"$(inherited)",
					"@executable_path/../Frameworks",
				);
				PRODUCT_BUNDLE_IDENTIFIER = yang.TryOulineView;
				PRODUCT_NAME = "$(TARGET_NAME)";
				SWIFT_VERSION = 4.2;
			};
			name = Debug;
		};
		2F7F211E22EA9C6600223010 /* Release */ = {
			isa = XCBuildConfiguration;
			buildSettings = {
				ASSETCATALOG_COMPILER_APPICON_NAME = AppIcon;
				CODE_SIGN_ENTITLEMENTS = TryOulineView/TryOulineView.entitlements;
				CODE_SIGN_STYLE = Automatic;
				COMBINE_HIDPI_IMAGES = YES;
				DEVELOPMENT_TEAM = 27ZAM6TRCF;
				INFOPLIST_FILE = TryOulineView/Info.plist;
				LD_RUNPATH_SEARCH_PATHS = (
					"$(inherited)",
					"@executable_path/../Frameworks",
				);
				PRODUCT_BUNDLE_IDENTIFIER = yang.TryOulineView;
				PRODUCT_NAME = "$(TARGET_NAME)";
				SWIFT_VERSION = 4.2;
			};
			name = Release;
		};
/* End XCBuildConfiguration section */

/* Begin XCConfigurationList section */
		2F7F210722EA9C5E00223010 /* Build configuration list for PBXProject "TryOulineView" */ = {
			isa = XCConfigurationList;
			buildConfigurations = (
				2F7F211A22EA9C6600223010 /* Debug */,
				2F7F211B22EA9C6600223010 /* Release */,
			);
			defaultConfigurationIsVisible = 0;
			defaultConfigurationName = Release;
		};
		2F7F211C22EA9C6600223010 /* Build configuration list for PBXNativeTarget "TryOulineView" */ = {
			isa = XCConfigurationList;
			buildConfigurations = (
				2F7F211D22EA9C6600223010 /* Debug */,
				2F7F211E22EA9C6600223010 /* Release */,
			);
			defaultConfigurationIsVisible = 0;
			defaultConfigurationName = Release;
		};
/* End XCConfigurationList section */
	};
	rootObject = 2F7F210422EA9C5E00223010 /* Project object */;
}
