// !$*UTF8*$!
{
	archiveVersion = 1;
	classes = {
	};
	objectVersion = 50;
	objects = {

/* Begin PBXBuildFile section */
		2F07C8782303C87800331855 /* TextHUD.swift in Sources */ = {isa = PBXBuildFile; fileRef = 2F07C8772303C87800331855 /* TextHUD.swift */; };
		2F07C87A2303C89900331855 /* WaitingTextView.swift in Sources */ = {isa = PBXBuildFile; fileRef = 2F07C8792303C89900331855 /* WaitingTextView.swift */; };
		2F07C87C2304078A00331855 /* myAppIcon.icns in Resources */ = {isa = PBXBuildFile; fileRef = 2F07C87B2304078A00331855 /* myAppIcon.icns */; };
		2F6FEBD022E82EFC0052E5F9 /* AppDelegate.swift in Sources */ = {isa = PBXBuildFile; fileRef = 2F6FEBCF22E82EFC0052E5F9 /* AppDelegate.swift */; };
		2F6FEBD222E82EFC0052E5F9 /* ViewController.swift in Sources */ = {isa = PBXBuildFile; fileRef = 2F6FEBD122E82EFC0052E5F9 /* ViewController.swift */; };
		2F6FEBD422E82EFE0052E5F9 /* Assets.xcassets in Resources */ = {isa = PBXBuildFile; fileRef = 2F6FEBD322E82EFE0052E5F9 /* Assets.xcassets */; };
		2F6FEBD722E82EFE0052E5F9 /* Main.storyboard in Resources */ = {isa = PBXBuildFile; fileRef = 2F6FEBD522E82EFE0052E5F9 /* Main.storyboard */; };
		2FDD26C722E893BF00FF4557 /* 紫色激情.wav in Resources */ = {isa = PBXBuildFile; fileRef = 2FDD26C622E893BE00FF4557 /* 紫色激情.wav */; };
		2FDD26C922E894D600FF4557 /* 星之所在.mp3 in Resources */ = {isa = PBXBuildFile; fileRef = 2FDD26C822E894D600FF4557 /* 星之所在.mp3 */; };
		2FDD26CB22E8958200FF4557 /* 星月神话.mp3 in Resources */ = {isa = PBXBuildFile; fileRef = 2FDD26CA22E8958200FF4557 /* 星月神话.mp3 */; };
/* End PBXBuildFile section */

/* Begin PBXFileReference section */
		2F07C8772303C87800331855 /* TextHUD.swift */ = {isa = PBXFileReference; fileEncoding = 4; lastKnownFileType = sourcecode.swift; path = TextHUD.swift; sourceTree = "<group>"; };
		2F07C8792303C89900331855 /* WaitingTextView.swift */ = {isa = PBXFileReference; fileEncoding = 4; lastKnownFileType = sourcecode.swift; path = WaitingTextView.swift; sourceTree = "<group>"; };
		2F07C87B2304078A00331855 /* myAppIcon.icns */ = {isa = PBXFileReference; lastKnownFileType = image.icns; path = myAppIcon.icns; sourceTree = "<group>"; };
		2F6FEBCC22E82EFC0052E5F9 /* TryPlayAudio.app */ = {isa = PBXFileReference; explicitFileType = wrapper.application; includeInIndex = 0; path = TryPlayAudio.app; sourceTree = BUILT_PRODUCTS_DIR; };
		2F6FEBCF22E82EFC0052E5F9 /* AppDelegate.swift */ = {isa = PBXFileReference; lastKnownFileType = sourcecode.swift; path = AppDelegate.swift; sourceTree = "<group>"; };
		2F6FEBD122E82EFC0052E5F9 /* ViewController.swift */ = {isa = PBXFileReference; lastKnownFileType = sourcecode.swift; path = ViewController.swift; sourceTree = "<group>"; };
		2F6FEBD322E82EFE0052E5F9 /* Assets.xcassets */ = {isa = PBXFileReference; lastKnownFileType = folder.assetcatalog; path = Assets.xcassets; sourceTree = "<group>"; };
		2F6FEBD622E82EFE0052E5F9 /* Base */ = {isa = PBXFileReference; lastKnownFileType = file.storyboard; name = Base; path = Base.lproj/Main.storyboard; sourceTree = "<group>"; };
		2F6FEBD822E82EFE0052E5F9 /* Info.plist */ = {isa = PBXFileReference; lastKnownFileType = text.plist.xml; path = Info.plist; sourceTree = "<group>"; };
		2F6FEBD922E82EFE0052E5F9 /* TryPlayAudio.entitlements */ = {isa = PBXFileReference; lastKnownFileType = text.plist.entitlements; path = TryPlayAudio.entitlements; sourceTree = "<group>"; };
		2FDD26C622E893BE00FF4557 /* 紫色激情.wav */ = {isa = PBXFileReference; lastKnownFileType = audio.wav; path = "紫色激情.wav"; sourceTree = "<group>"; };
		2FDD26C822E894D600FF4557 /* 星之所在.mp3 */ = {isa = PBXFileReference; lastKnownFileType = audio.mp3; path = "星之所在.mp3"; sourceTree = "<group>"; };
		2FDD26CA22E8958200FF4557 /* 星月神话.mp3 */ = {isa = PBXFileReference; lastKnownFileType = audio.mp3; path = "星月神话.mp3"; sourceTree = "<group>"; };
/* End PBXFileReference section */

/* Begin PBXFrameworksBuildPhase section */
		2F6FEBC922E82EFC0052E5F9 /* Frameworks */ = {
			isa = PBXFrameworksBuildPhase;
			buildActionMask = 2147483647;
			files = (
			);
			runOnlyForDeploymentPostprocessing = 0;
		};
/* End PBXFrameworksBuildPhase section */

/* Begin PBXGroup section */
		2F6FEBC322E82EFC0052E5F9 = {
			isa = PBXGroup;
			children = (
				2F6FEBCE22E82EFC0052E5F9 /* TryPlayAudio */,
				2F6FEBDF22E82F090052E5F9 /* Resource */,
				2F6FEBCD22E82EFC0052E5F9 /* Products */,
			);
			sourceTree = "<group>";
		};
		2F6FEBCD22E82EFC0052E5F9 /* Products */ = {
			isa = PBXGroup;
			children = (
				2F6FEBCC22E82EFC0052E5F9 /* TryPlayAudio.app */,
			);
			name = Products;
			sourceTree = "<group>";
		};
		2F6FEBCE22E82EFC0052E5F9 /* TryPlayAudio */ = {
			isa = PBXGroup;
			children = (
				2F07C87B2304078A00331855 /* myAppIcon.icns */,
				2F6FEBCF22E82EFC0052E5F9 /* AppDelegate.swift */,
				2F6FEBD122E82EFC0052E5F9 /* ViewController.swift */,
				2F6FEBD322E82EFE0052E5F9 /* Assets.xcassets */,
				2F6FEBD522E82EFE0052E5F9 /* Main.storyboard */,
				2F6FEBD822E82EFE0052E5F9 /* Info.plist */,
				2F6FEBD922E82EFE0052E5F9 /* TryPlayAudio.entitlements */,
				2F07C8772303C87800331855 /* TextHUD.swift */,
				2F07C8792303C89900331855 /* WaitingTextView.swift */,
			);
			path = TryPlayAudio;
			sourceTree = "<group>";
		};
		2F6FEBDF22E82F090052E5F9 /* Resource */ = {
			isa = PBXGroup;
			children = (
				2FDD26CA22E8958200FF4557 /* 星月神话.mp3 */,
				2FDD26C622E893BE00FF4557 /* 紫色激情.wav */,
				2FDD26C822E894D600FF4557 /* 星之所在.mp3 */,
			);
			path = Resource;
			sourceTree = "<group>";
		};
/* End PBXGroup section */

/* Begin PBXNativeTarget section */
		2F6FEBCB22E82EFC0052E5F9 /* TryPlayAudio */ = {
			isa = PBXNativeTarget;
			buildConfigurationList = 2F6FEBDC22E82EFE0052E5F9 /* Build configuration list for PBXNativeTarget "TryPlayAudio" */;
			buildPhases = (
				2F6FEBC822E82EFC0052E5F9 /* Sources */,
				2F6FEBC922E82EFC0052E5F9 /* Frameworks */,
				2F6FEBCA22E82EFC0052E5F9 /* Resources */,
			);
			buildRules = (
			);
			dependencies = (
			);
			name = TryPlayAudio;
			productName = TryPlayAudio;
			productReference = 2F6FEBCC22E82EFC0052E5F9 /* TryPlayAudio.app */;
			productType = "com.apple.product-type.application";
		};
/* End PBXNativeTarget section */

/* Begin PBXProject section */
		2F6FEBC422E82EFC0052E5F9 /* Project object */ = {
			isa = PBXProject;
			attributes = {
				LastSwiftUpdateCheck = 1010;
				LastUpgradeCheck = 1010;
				ORGANIZATIONNAME = yang;
				TargetAttributes = {
					2F6FEBCB22E82EFC0052E5F9 = {
						CreatedOnToolsVersion = 10.1;
						SystemCapabilities = {
							com.apple.Sandbox = {
								enabled = 1;
							};
						};
					};
				};
			};
			buildConfigurationList = 2F6FEBC722E82EFC0052E5F9 /* Build configuration list for PBXProject "TryPlayAudio" */;
			compatibilityVersion = "Xcode 9.3";
			developmentRegion = en;
			hasScannedForEncodings = 0;
			knownRegions = (
				en,
				Base,
			);
			mainGroup = 2F6FEBC322E82EFC0052E5F9;
			productRefGroup = 2F6FEBCD22E82EFC0052E5F9 /* Products */;
			projectDirPath = "";
			projectRoot = "";
			targets = (
				2F6FEBCB22E82EFC0052E5F9 /* TryPlayAudio */,
			);
		};
/* End PBXProject section */

/* Begin PBXResourcesBuildPhase section */
		2F6FEBCA22E82EFC0052E5F9 /* Resources */ = {
			isa = PBXResourcesBuildPhase;
			buildActionMask = 2147483647;
			files = (
				2FDD26CB22E8958200FF4557 /* 星月神话.mp3 in Resources */,
				2FDD26C922E894D600FF4557 /* 星之所在.mp3 in Resources */,
				2F6FEBD422E82EFE0052E5F9 /* Assets.xcassets in Resources */,
				2F07C87C2304078A00331855 /* myAppIcon.icns in Resources */,
				2FDD26C722E893BF00FF4557 /* 紫色激情.wav in Resources */,
				2F6FEBD722E82EFE0052E5F9 /* Main.storyboard in Resources */,
			);
			runOnlyForDeploymentPostprocessing = 0;
		};
/* End PBXResourcesBuildPhase section */

/* Begin PBXSourcesBuildPhase section */
		2F6FEBC822E82EFC0052E5F9 /* Sources */ = {
			isa = PBXSourcesBuildPhase;
			buildActionMask = 2147483647;
			files = (
				2F6FEBD222E82EFC0052E5F9 /* ViewController.swift in Sources */,
				2F07C8782303C87800331855 /* TextHUD.swift in Sources */,
				2F6FEBD022E82EFC0052E5F9 /* AppDelegate.swift in Sources */,
				2F07C87A2303C89900331855 /* WaitingTextView.swift in Sources */,
			);
			runOnlyForDeploymentPostprocessing = 0;
		};
/* End PBXSourcesBuildPhase section */

/* Begin PBXVariantGroup section */
		2F6FEBD522E82EFE0052E5F9 /* Main.storyboard */ = {
			isa = PBXVariantGroup;
			children = (
				2F6FEBD622E82EFE0052E5F9 /* Base */,
			);
			name = Main.storyboard;
			sourceTree = "<group>";
		};
/* End PBXVariantGroup section */

/* Begin XCBuildConfiguration section */
		2F6FEBDA22E82EFE0052E5F9 /* Debug */ = {
			isa = XCBuildConfiguration;
			buildSettings = {
				ALWAYS_SEARCH_USER_PATHS = NO;
				CLANG_ANALYZER_NONNULL = YES;
				CLANG_ANALYZER_NUMBER_OBJECT_CONVERSION = YES_AGGRESSIVE;
				CLANG_CXX_LANGUAGE_STANDARD = "gnu++14";
				CLANG_CXX_LIBRARY = "libc++";
				CLANG_ENABLE_MODULES = YES;
				CLANG_ENABLE_OBJC_ARC = YES;
				CLANG_ENABLE_OBJC_WEAK = YES;
				CLANG_WARN_BLOCK_CAPTURE_AUTORELEASING = YES;
				CLANG_WARN_BOOL_CONVERSION = YES;
				CLANG_WARN_COMMA = YES;
				CLANG_WARN_CONSTANT_CONVERSION = YES;
				CLANG_WARN_DEPRECATED_OBJC_IMPLEMENTATIONS = YES;
				CLANG_WARN_DIRECT_OBJC_ISA_USAGE = YES_ERROR;
				CLANG_WARN_DOCUMENTATION_COMMENTS = YES;
				CLANG_WARN_EMPTY_BODY = YES;
				CLANG_WARN_ENUM_CONVERSION = YES;
				CLANG_WARN_INFINITE_RECURSION = YES;
				CLANG_WARN_INT_CONVERSION = YES;
				CLANG_WARN_NON_LITERAL_NULL_CONVERSION = YES;
				CLANG_WARN_OBJC_IMPLICIT_RETAIN_SELF = YES;
				CLANG_WARN_OBJC_LITERAL_CONVERSION = YES;
				CLANG_WARN_OBJC_ROOT_CLASS = YES_ERROR;
				CLANG_WARN_RANGE_LOOP_ANALYSIS = YES;
				CLANG_WARN_STRICT_PROTOTYPES = YES;
				CLANG_WARN_SUSPICIOUS_MOVE = YES;
				CLANG_WARN_UNGUARDED_AVAILABILITY = YES_AGGRESSIVE;
				CLANG_WARN_UNREACHABLE_CODE = YES;
				CLANG_WARN__DUPLICATE_METHOD_MATCH = YES;
				CODE_SIGN_IDENTITY = "Mac Developer";
				COPY_PHASE_STRIP = NO;
				DEBUG_INFORMATION_FORMAT = dwarf;
				ENABLE_STRICT_OBJC_MSGSEND = YES;
				ENABLE_TESTABILITY = YES;
				GCC_C_LANGUAGE_STANDARD = gnu11;
				GCC_DYNAMIC_NO_PIC = NO;
				GCC_NO_COMMON_BLOCKS = YES;
				GCC_OPTIMIZATION_LEVEL = 0;
				GCC_PREPROCESSOR_DEFINITIONS = (
					"DEBUG=1",
					"$(inherited)",
				);
				GCC_WARN_64_TO_32_BIT_CONVERSION = YES;
				GCC_WARN_ABOUT_RETURN_TYPE = YES_ERROR;
				GCC_WARN_UNDECLARED_SELECTOR = YES;
				GCC_WARN_UNINITIALIZED_AUTOS = YES_AGGRESSIVE;
				GCC_WARN_UNUSED_FUNCTION = YES;
				GCC_WARN_UNUSED_VARIABLE = YES;
				MACOSX_DEPLOYMENT_TARGET = 10.14;
				MTL_ENABLE_DEBUG_INFO = INCLUDE_SOURCE;
				MTL_FAST_MATH = YES;
				ONLY_ACTIVE_ARCH = YES;
				SDKROOT = macosx;
				SWIFT_ACTIVE_COMPILATION_CONDITIONS = DEBUG;
				SWIFT_OPTIMIZATION_LEVEL = "-Onone";
			};
			name = Debug;
		};
		2F6FEBDB22E82EFE0052E5F9 /* Release */ = {
			isa = XCBuildConfiguration;
			buildSettings = {
				ALWAYS_SEARCH_USER_PATHS = NO;
				CLANG_ANALYZER_NONNULL = YES;
				CLANG_ANALYZER_NUMBER_OBJECT_CONVERSION = YES_AGGRESSIVE;
				CLANG_CXX_LANGUAGE_STANDARD = "gnu++14";
				CLANG_CXX_LIBRARY = "libc++";
				CLANG_ENABLE_MODULES = YES;
				CLANG_ENABLE_OBJC_ARC = YES;
				CLANG_ENABLE_OBJC_WEAK = YES;
				CLANG_WARN_BLOCK_CAPTURE_AUTORELEASING = YES;
				CLANG_WARN_BOOL_CONVERSION = YES;
				CLANG_WARN_COMMA = YES;
				CLANG_WARN_CONSTANT_CONVERSION = YES;
				CLANG_WARN_DEPRECATED_OBJC_IMPLEMENTATIONS = YES;
				CLANG_WARN_DIRECT_OBJC_ISA_USAGE = YES_ERROR;
				CLANG_WARN_DOCUMENTATION_COMMENTS = YES;
				CLANG_WARN_EMPTY_BODY = YES;
				CLANG_WARN_ENUM_CONVERSION = YES;
				CLANG_WARN_INFINITE_RECURSION = YES;
				CLANG_WARN_INT_CONVERSION = YES;
				CLANG_WARN_NON_LITERAL_NULL_CONVERSION = YES;
				CLANG_WARN_OBJC_IMPLICIT_RETAIN_SELF = YES;
				CLANG_WARN_OBJC_LITERAL_CONVERSION = YES;
				CLANG_WARN_OBJC_ROOT_CLASS = YES_ERROR;
				CLANG_WARN_RANGE_LOOP_ANALYSIS = YES;
				CLANG_WARN_STRICT_PROTOTYPES = YES;
				CLANG_WARN_SUSPICIOUS_MOVE = YES;
				CLANG_WARN_UNGUARDED_AVAILABILITY = YES_AGGRESSIVE;
				CLANG_WARN_UNREACHABLE_CODE = YES;
				CLANG_WARN__DUPLICATE_METHOD_MATCH = YES;
				CODE_SIGN_IDENTITY = "Mac Developer";
				COPY_PHASE_STRIP = NO;
				DEBUG_INFORMATION_FORMAT = "dwarf-with-dsym";
				ENABLE_NS_ASSERTIONS = NO;
				ENABLE_STRICT_OBJC_MSGSEND = YES;
				GCC_C_LANGUAGE_STANDARD = gnu11;
				GCC_NO_COMMON_BLOCKS = YES;
				GCC_WARN_64_TO_32_BIT_CONVERSION = YES;
				GCC_WARN_ABOUT_RETURN_TYPE = YES_ERROR;
				GCC_WARN_UNDECLARED_SELECTOR = YES;
				GCC_WARN_UNINITIALIZED_AUTOS = YES_AGGRESSIVE;
				GCC_WARN_UNUSED_FUNCTION = YES;
				GCC_WARN_UNUSED_VARIABLE = YES;
				MACOSX_DEPLOYMENT_TARGET = 10.14;
				MTL_ENABLE_DEBUG_INFO = NO;
				MTL_FAST_MATH = YES;
				SDKROOT = macosx;
				SWIFT_COMPILATION_MODE = wholemodule;
				SWIFT_OPTIMIZATION_LEVEL = "-O";
			};
			name = Release;
		};
		2F6FEBDD22E82EFE0052E5F9 /* Debug */ = {
			isa = XCBuildConfiguration;
			buildSettings = {
				ASSETCATALOG_COMPILER_APPICON_NAME = AppIcon;
				CODE_SIGN_ENTITLEMENTS = TryPlayAudio/TryPlayAudio.entitlements;
				CODE_SIGN_STYLE = Automatic;
				COMBINE_HIDPI_IMAGES = YES;
				DEVELOPMENT_TEAM = 27ZAM6TRCF;
				INFOPLIST_FILE = TryPlayAudio/Info.plist;
				LD_RUNPATH_SEARCH_PATHS = (
					"$(inherited)",
					"@executable_path/../Frameworks",
				);
				PRODUCT_BUNDLE_IDENTIFIER = yang.TryPlayAudio;
				PRODUCT_NAME = "$(TARGET_NAME)";
				SWIFT_VERSION = 4.2;
			};
			name = Debug;
		};
		2F6FEBDE22E82EFE0052E5F9 /* Release */ = {
			isa = XCBuildConfiguration;
			buildSettings = {
				ASSETCATALOG_COMPILER_APPICON_NAME = AppIcon;
				CODE_SIGN_ENTITLEMENTS = TryPlayAudio/TryPlayAudio.entitlements;
				CODE_SIGN_STYLE = Automatic;
				COMBINE_HIDPI_IMAGES = YES;
				DEVELOPMENT_TEAM = 27ZAM6TRCF;
				INFOPLIST_FILE = TryPlayAudio/Info.plist;
				LD_RUNPATH_SEARCH_PATHS = (
					"$(inherited)",
					"@executable_path/../Frameworks",
				);
				PRODUCT_BUNDLE_IDENTIFIER = yang.TryPlayAudio;
				PRODUCT_NAME = "$(TARGET_NAME)";
				SWIFT_VERSION = 4.2;
			};
			name = Release;
		};
/* End XCBuildConfiguration section */

/* Begin XCConfigurationList section */
		2F6FEBC722E82EFC0052E5F9 /* Build configuration list for PBXProject "TryPlayAudio" */ = {
			isa = XCConfigurationList;
			buildConfigurations = (
				2F6FEBDA22E82EFE0052E5F9 /* Debug */,
				2F6FEBDB22E82EFE0052E5F9 /* Release */,
			);
			defaultConfigurationIsVisible = 0;
			defaultConfigurationName = Release;
		};
		2F6FEBDC22E82EFE0052E5F9 /* Build configuration list for PBXNativeTarget "TryPlayAudio" */ = {
			isa = XCConfigurationList;
			buildConfigurations = (
				2F6FEBDD22E82EFE0052E5F9 /* Debug */,
				2F6FEBDE22E82EFE0052E5F9 /* Release */,
			);
			defaultConfigurationIsVisible = 0;
			defaultConfigurationName = Release;
		};
/* End XCConfigurationList section */
	};
	rootObject = 2F6FEBC422E82EFC0052E5F9 /* Project object */;
}
