// !$*UTF8*$!
{
	archiveVersion = 1;
	classes = {
	};
	objectVersion = 50;
	objects = {

/* Begin PBXBuildFile section */
		2F0FEF64226AEC32009FC3FB /* TinyPixUtils.swift in Sources */ = {isa = PBXBuildFile; fileRef = 2F0FEF63226AEC31009FC3FB /* TinyPixUtils.swift */; };
		2F8D320A226B389200C41932 /* TinyPixView.swift in Sources */ = {isa = PBXBuildFile; fileRef = 2F8D3209226B389200C41932 /* TinyPixView.swift */; };
		2FD0B75A2266033300AE00D3 /* AppDelegate.swift in Sources */ = {isa = PBXBuildFile; fileRef = 2FD0B7592266033300AE00D3 /* AppDelegate.swift */; };
		2FD0B75C2266033300AE00D3 /* MasterViewController.swift in Sources */ = {isa = PBXBuildFile; fileRef = 2FD0B75B2266033300AE00D3 /* MasterViewController.swift */; };
		2FD0B75E2266033300AE00D3 /* DetailViewController.swift in Sources */ = {isa = PBXBuildFile; fileRef = 2FD0B75D2266033300AE00D3 /* DetailViewController.swift */; };
		2FD0B7612266033300AE00D3 /* Main.storyboard in Resources */ = {isa = PBXBuildFile; fileRef = 2FD0B75F2266033300AE00D3 /* Main.storyboard */; };
		2FD0B7632266033400AE00D3 /* Assets.xcassets in Resources */ = {isa = PBXBuildFile; fileRef = 2FD0B7622266033400AE00D3 /* Assets.xcassets */; };
		2FD0B7662266033400AE00D3 /* LaunchScreen.storyboard in Resources */ = {isa = PBXBuildFile; fileRef = 2FD0B7642266033400AE00D3 /* LaunchScreen.storyboard */; };
		2FD0B76E226604EB00AE00D3 /* TinyPixDocument.swift in Sources */ = {isa = PBXBuildFile; fileRef = 2FD0B76D226604EB00AE00D3 /* TinyPixDocument.swift */; };
/* End PBXBuildFile section */

/* Begin PBXFileReference section */
		2F0FEF63226AEC31009FC3FB /* TinyPixUtils.swift */ = {isa = PBXFileReference; lastKnownFileType = sourcecode.swift; path = TinyPixUtils.swift; sourceTree = "<group>"; };
		2F8D3209226B389200C41932 /* TinyPixView.swift */ = {isa = PBXFileReference; lastKnownFileType = sourcecode.swift; path = TinyPixView.swift; sourceTree = "<group>"; };
		2FD0B7562266033300AE00D3 /* TinyPix.app */ = {isa = PBXFileReference; explicitFileType = wrapper.application; includeInIndex = 0; path = TinyPix.app; sourceTree = BUILT_PRODUCTS_DIR; };
		2FD0B7592266033300AE00D3 /* AppDelegate.swift */ = {isa = PBXFileReference; lastKnownFileType = sourcecode.swift; path = AppDelegate.swift; sourceTree = "<group>"; };
		2FD0B75B2266033300AE00D3 /* MasterViewController.swift */ = {isa = PBXFileReference; lastKnownFileType = sourcecode.swift; path = MasterViewController.swift; sourceTree = "<group>"; };
		2FD0B75D2266033300AE00D3 /* DetailViewController.swift */ = {isa = PBXFileReference; lastKnownFileType = sourcecode.swift; path = DetailViewController.swift; sourceTree = "<group>"; };
		2FD0B7602266033300AE00D3 /* Base */ = {isa = PBXFileReference; lastKnownFileType = file.storyboard; name = Base; path = Base.lproj/Main.storyboard; sourceTree = "<group>"; };
		2FD0B7622266033400AE00D3 /* Assets.xcassets */ = {isa = PBXFileReference; lastKnownFileType = folder.assetcatalog; path = Assets.xcassets; sourceTree = "<group>"; };
		2FD0B7652266033400AE00D3 /* Base */ = {isa = PBXFileReference; lastKnownFileType = file.storyboard; name = Base; path = Base.lproj/LaunchScreen.storyboard; sourceTree = "<group>"; };
		2FD0B7672266033400AE00D3 /* Info.plist */ = {isa = PBXFileReference; lastKnownFileType = text.plist.xml; path = Info.plist; sourceTree = "<group>"; };
		2FD0B76D226604EB00AE00D3 /* TinyPixDocument.swift */ = {isa = PBXFileReference; lastKnownFileType = sourcecode.swift; path = TinyPixDocument.swift; sourceTree = "<group>"; };
/* End PBXFileReference section */

/* Begin PBXFrameworksBuildPhase section */
		2FD0B7532266033300AE00D3 /* Frameworks */ = {
			isa = PBXFrameworksBuildPhase;
			buildActionMask = 2147483647;
			files = (
			);
			runOnlyForDeploymentPostprocessing = 0;
		};
/* End PBXFrameworksBuildPhase section */

/* Begin PBXGroup section */
		2FD0B74D2266033300AE00D3 = {
			isa = PBXGroup;
			children = (
				2FD0B7582266033300AE00D3 /* TinyPix */,
				2FD0B7572266033300AE00D3 /* Products */,
			);
			sourceTree = "<group>";
		};
		2FD0B7572266033300AE00D3 /* Products */ = {
			isa = PBXGroup;
			children = (
				2FD0B7562266033300AE00D3 /* TinyPix.app */,
			);
			name = Products;
			sourceTree = "<group>";
		};
		2FD0B7582266033300AE00D3 /* TinyPix */ = {
			isa = PBXGroup;
			children = (
				2FD0B7592266033300AE00D3 /* AppDelegate.swift */,
				2FD0B75B2266033300AE00D3 /* MasterViewController.swift */,
				2FD0B75D2266033300AE00D3 /* DetailViewController.swift */,
				2FD0B75F2266033300AE00D3 /* Main.storyboard */,
				2FD0B7622266033400AE00D3 /* Assets.xcassets */,
				2FD0B7642266033400AE00D3 /* LaunchScreen.storyboard */,
				2FD0B7672266033400AE00D3 /* Info.plist */,
				2FD0B76D226604EB00AE00D3 /* TinyPixDocument.swift */,
				2F0FEF63226AEC31009FC3FB /* TinyPixUtils.swift */,
				2F8D3209226B389200C41932 /* TinyPixView.swift */,
			);
			path = TinyPix;
			sourceTree = "<group>";
		};
/* End PBXGroup section */

/* Begin PBXNativeTarget section */
		2FD0B7552266033300AE00D3 /* TinyPix */ = {
			isa = PBXNativeTarget;
			buildConfigurationList = 2FD0B76A2266033400AE00D3 /* Build configuration list for PBXNativeTarget "TinyPix" */;
			buildPhases = (
				2FD0B7522266033300AE00D3 /* Sources */,
				2FD0B7532266033300AE00D3 /* Frameworks */,
				2FD0B7542266033300AE00D3 /* Resources */,
			);
			buildRules = (
			);
			dependencies = (
			);
			name = TinyPix;
			productName = TinyPix;
			productReference = 2FD0B7562266033300AE00D3 /* TinyPix.app */;
			productType = "com.apple.product-type.application";
		};
/* End PBXNativeTarget section */

/* Begin PBXProject section */
		2FD0B74E2266033300AE00D3 /* Project object */ = {
			isa = PBXProject;
			attributes = {
				LastSwiftUpdateCheck = 1010;
				LastUpgradeCheck = 1010;
				ORGANIZATIONNAME = yang;
				TargetAttributes = {
					2FD0B7552266033300AE00D3 = {
						CreatedOnToolsVersion = 10.1;
					};
				};
			};
			buildConfigurationList = 2FD0B7512266033300AE00D3 /* Build configuration list for PBXProject "TinyPix" */;
			compatibilityVersion = "Xcode 9.3";
			developmentRegion = en;
			hasScannedForEncodings = 0;
			knownRegions = (
				en,
				Base,
			);
			mainGroup = 2FD0B74D2266033300AE00D3;
			productRefGroup = 2FD0B7572266033300AE00D3 /* Products */;
			projectDirPath = "";
			projectRoot = "";
			targets = (
				2FD0B7552266033300AE00D3 /* TinyPix */,
			);
		};
/* End PBXProject section */

/* Begin PBXResourcesBuildPhase section */
		2FD0B7542266033300AE00D3 /* Resources */ = {
			isa = PBXResourcesBuildPhase;
			buildActionMask = 2147483647;
			files = (
				2FD0B7662266033400AE00D3 /* LaunchScreen.storyboard in Resources */,
				2FD0B7632266033400AE00D3 /* Assets.xcassets in Resources */,
				2FD0B7612266033300AE00D3 /* Main.storyboard in Resources */,
			);
			runOnlyForDeploymentPostprocessing = 0;
		};
/* End PBXResourcesBuildPhase section */

/* Begin PBXSourcesBuildPhase section */
		2FD0B7522266033300AE00D3 /* Sources */ = {
			isa = PBXSourcesBuildPhase;
			buildActionMask = 2147483647;
			files = (
				2FD0B76E226604EB00AE00D3 /* TinyPixDocument.swift in Sources */,
				2FD0B75E2266033300AE00D3 /* DetailViewController.swift in Sources */,
				2F8D320A226B389200C41932 /* TinyPixView.swift in Sources */,
				2F0FEF64226AEC32009FC3FB /* TinyPixUtils.swift in Sources */,
				2FD0B75C2266033300AE00D3 /* MasterViewController.swift in Sources */,
				2FD0B75A2266033300AE00D3 /* AppDelegate.swift in Sources */,
			);
			runOnlyForDeploymentPostprocessing = 0;
		};
/* End PBXSourcesBuildPhase section */

/* Begin PBXVariantGroup section */
		2FD0B75F2266033300AE00D3 /* Main.storyboard */ = {
			isa = PBXVariantGroup;
			children = (
				2FD0B7602266033300AE00D3 /* Base */,
			);
			name = Main.storyboard;
			sourceTree = "<group>";
		};
		2FD0B7642266033400AE00D3 /* LaunchScreen.storyboard */ = {
			isa = PBXVariantGroup;
			children = (
				2FD0B7652266033400AE00D3 /* Base */,
			);
			name = LaunchScreen.storyboard;
			sourceTree = "<group>";
		};
/* End PBXVariantGroup section */

/* Begin XCBuildConfiguration section */
		2FD0B7682266033400AE00D3 /* Debug */ = {
			isa = XCBuildConfiguration;
			buildSettings = {
				ALWAYS_SEARCH_USER_PATHS = NO;
				CLANG_ANALYZER_NONNULL = YES;
				CLANG_ANALYZER_NUMBER_OBJECT_CONVERSION = YES_AGGRESSIVE;
				CLANG_CXX_LANGUAGE_STANDARD = "gnu++14";
				CLANG_CXX_LIBRARY = "libc++";
				CLANG_ENABLE_MODULES = YES;
				CLANG_ENABLE_OBJC_ARC = YES;
				CLANG_ENABLE_OBJC_WEAK = YES;
				CLANG_WARN_BLOCK_CAPTURE_AUTORELEASING = YES;
				CLANG_WARN_BOOL_CONVERSION = YES;
				CLANG_WARN_COMMA = YES;
				CLANG_WARN_CONSTANT_CONVERSION = YES;
				CLANG_WARN_DEPRECATED_OBJC_IMPLEMENTATIONS = YES;
				CLANG_WARN_DIRECT_OBJC_ISA_USAGE = YES_ERROR;
				CLANG_WARN_DOCUMENTATION_COMMENTS = YES;
				CLANG_WARN_EMPTY_BODY = YES;
				CLANG_WARN_ENUM_CONVERSION = YES;
				CLANG_WARN_INFINITE_RECURSION = YES;
				CLANG_WARN_INT_CONVERSION = YES;
				CLANG_WARN_NON_LITERAL_NULL_CONVERSION = YES;
				CLANG_WARN_OBJC_IMPLICIT_RETAIN_SELF = YES;
				CLANG_WARN_OBJC_LITERAL_CONVERSION = YES;
				CLANG_WARN_OBJC_ROOT_CLASS = YES_ERROR;
				CLANG_WARN_RANGE_LOOP_ANALYSIS = YES;
				CLANG_WARN_STRICT_PROTOTYPES = YES;
				CLANG_WARN_SUSPICIOUS_MOVE = YES;
				CLANG_WARN_UNGUARDED_AVAILABILITY = YES_AGGRESSIVE;
				CLANG_WARN_UNREACHABLE_CODE = YES;
				CLANG_WARN__DUPLICATE_METHOD_MATCH = YES;
				CODE_SIGN_IDENTITY = "iPhone Developer";
				COPY_PHASE_STRIP = NO;
				DEBUG_INFORMATION_FORMAT = dwarf;
				ENABLE_STRICT_OBJC_MSGSEND = YES;
				ENABLE_TESTABILITY = YES;
				GCC_C_LANGUAGE_STANDARD = gnu11;
				GCC_DYNAMIC_NO_PIC = NO;
				GCC_NO_COMMON_BLOCKS = YES;
				GCC_OPTIMIZATION_LEVEL = 0;
				GCC_PREPROCESSOR_DEFINITIONS = (
					"DEBUG=1",
					"$(inherited)",
				);
				GCC_WARN_64_TO_32_BIT_CONVERSION = YES;
				GCC_WARN_ABOUT_RETURN_TYPE = YES_ERROR;
				GCC_WARN_UNDECLARED_SELECTOR = YES;
				GCC_WARN_UNINITIALIZED_AUTOS = YES_AGGRESSIVE;
				GCC_WARN_UNUSED_FUNCTION = YES;
				GCC_WARN_UNUSED_VARIABLE = YES;
				IPHONEOS_DEPLOYMENT_TARGET = 12.1;
				MTL_ENABLE_DEBUG_INFO = INCLUDE_SOURCE;
				MTL_FAST_MATH = YES;
				ONLY_ACTIVE_ARCH = YES;
				SDKROOT = iphoneos;
				SWIFT_ACTIVE_COMPILATION_CONDITIONS = DEBUG;
				SWIFT_OPTIMIZATION_LEVEL = "-Onone";
			};
			name = Debug;
		};
		2FD0B7692266033400AE00D3 /* Release */ = {
			isa = XCBuildConfiguration;
			buildSettings = {
				ALWAYS_SEARCH_USER_PATHS = NO;
				CLANG_ANALYZER_NONNULL = YES;
				CLANG_ANALYZER_NUMBER_OBJECT_CONVERSION = YES_AGGRESSIVE;
				CLANG_CXX_LANGUAGE_STANDARD = "gnu++14";
				CLANG_CXX_LIBRARY = "libc++";
				CLANG_ENABLE_MODULES = YES;
				CLANG_ENABLE_OBJC_ARC = YES;
				CLANG_ENABLE_OBJC_WEAK = YES;
				CLANG_WARN_BLOCK_CAPTURE_AUTORELEASING = YES;
				CLANG_WARN_BOOL_CONVERSION = YES;
				CLANG_WARN_COMMA = YES;
				CLANG_WARN_CONSTANT_CONVERSION = YES;
				CLANG_WARN_DEPRECATED_OBJC_IMPLEMENTATIONS = YES;
				CLANG_WARN_DIRECT_OBJC_ISA_USAGE = YES_ERROR;
				CLANG_WARN_DOCUMENTATION_COMMENTS = YES;
				CLANG_WARN_EMPTY_BODY = YES;
				CLANG_WARN_ENUM_CONVERSION = YES;
				CLANG_WARN_INFINITE_RECURSION = YES;
				CLANG_WARN_INT_CONVERSION = YES;
				CLANG_WARN_NON_LITERAL_NULL_CONVERSION = YES;
				CLANG_WARN_OBJC_IMPLICIT_RETAIN_SELF = YES;
				CLANG_WARN_OBJC_LITERAL_CONVERSION = YES;
				CLANG_WARN_OBJC_ROOT_CLASS = YES_ERROR;
				CLANG_WARN_RANGE_LOOP_ANALYSIS = YES;
				CLANG_WARN_STRICT_PROTOTYPES = YES;
				CLANG_WARN_SUSPICIOUS_MOVE = YES;
				CLANG_WARN_UNGUARDED_AVAILABILITY = YES_AGGRESSIVE;
				CLANG_WARN_UNREACHABLE_CODE = YES;
				CLANG_WARN__DUPLICATE_METHOD_MATCH = YES;
				CODE_SIGN_IDENTITY = "iPhone Developer";
				COPY_PHASE_STRIP = NO;
				DEBUG_INFORMATION_FORMAT = "dwarf-with-dsym";
				ENABLE_NS_ASSERTIONS = NO;
				ENABLE_STRICT_OBJC_MSGSEND = YES;
				GCC_C_LANGUAGE_STANDARD = gnu11;
				GCC_NO_COMMON_BLOCKS = YES;
				GCC_WARN_64_TO_32_BIT_CONVERSION = YES;
				GCC_WARN_ABOUT_RETURN_TYPE = YES_ERROR;
				GCC_WARN_UNDECLARED_SELECTOR = YES;
				GCC_WARN_UNINITIALIZED_AUTOS = YES_AGGRESSIVE;
				GCC_WARN_UNUSED_FUNCTION = YES;
				GCC_WARN_UNUSED_VARIABLE = YES;
				IPHONEOS_DEPLOYMENT_TARGET = 12.1;
				MTL_ENABLE_DEBUG_INFO = NO;
				MTL_FAST_MATH = YES;
				SDKROOT = iphoneos;
				SWIFT_COMPILATION_MODE = wholemodule;
				SWIFT_OPTIMIZATION_LEVEL = "-O";
				VALIDATE_PRODUCT = YES;
			};
			name = Release;
		};
		2FD0B76B2266033400AE00D3 /* Debug */ = {
			isa = XCBuildConfiguration;
			buildSettings = {
				ASSETCATALOG_COMPILER_APPICON_NAME = AppIcon;
				CODE_SIGN_STYLE = Automatic;
				DEVELOPMENT_TEAM = 27ZAM6TRCF;
				INFOPLIST_FILE = TinyPix/Info.plist;
				LD_RUNPATH_SEARCH_PATHS = (
					"$(inherited)",
					"@executable_path/Frameworks",
				);
				PRODUCT_BUNDLE_IDENTIFIER = yang.TinyPix;
				PRODUCT_NAME = "$(TARGET_NAME)";
				SWIFT_VERSION = 4.2;
				TARGETED_DEVICE_FAMILY = "1,2";
			};
			name = Debug;
		};
		2FD0B76C2266033400AE00D3 /* Release */ = {
			isa = XCBuildConfiguration;
			buildSettings = {
				ASSETCATALOG_COMPILER_APPICON_NAME = AppIcon;
				CODE_SIGN_STYLE = Automatic;
				DEVELOPMENT_TEAM = 27ZAM6TRCF;
				INFOPLIST_FILE = TinyPix/Info.plist;
				LD_RUNPATH_SEARCH_PATHS = (
					"$(inherited)",
					"@executable_path/Frameworks",
				);
				PRODUCT_BUNDLE_IDENTIFIER = yang.TinyPix;
				PRODUCT_NAME = "$(TARGET_NAME)";
				SWIFT_VERSION = 4.2;
				TARGETED_DEVICE_FAMILY = "1,2";
			};
			name = Release;
		};
/* End XCBuildConfiguration section */

/* Begin XCConfigurationList section */
		2FD0B7512266033300AE00D3 /* Build configuration list for PBXProject "TinyPix" */ = {
			isa = XCConfigurationList;
			buildConfigurations = (
				2FD0B7682266033400AE00D3 /* Debug */,
				2FD0B7692266033400AE00D3 /* Release */,
			);
			defaultConfigurationIsVisible = 0;
			defaultConfigurationName = Release;
		};
		2FD0B76A2266033400AE00D3 /* Build configuration list for PBXNativeTarget "TinyPix" */ = {
			isa = XCConfigurationList;
			buildConfigurations = (
				2FD0B76B2266033400AE00D3 /* Debug */,
				2FD0B76C2266033400AE00D3 /* Release */,
			);
			defaultConfigurationIsVisible = 0;
			defaultConfigurationName = Release;
		};
/* End XCConfigurationList section */
	};
	rootObject = 2FD0B74E2266033300AE00D3 /* Project object */;
}
