// !$*UTF8*$!
{
	archiveVersion = 1;
	classes = {
	};
	objectVersion = 50;
	objects = {

/* Begin PBXBuildFile section */
		2FBD22F822E44EF700D9106D /* AppDelegate.swift in Sources */ = {isa = PBXBuildFile; fileRef = 2FBD22F722E44EF700D9106D /* AppDelegate.swift */; };
		2FBD22FA22E44EF700D9106D /* ViewController.swift in Sources */ = {isa = PBXBuildFile; fileRef = 2FBD22F922E44EF700D9106D /* ViewController.swift */; };
		2FBD22FC22E44F1700D9106D /* Assets.xcassets in Resources */ = {isa = PBXBuildFile; fileRef = 2FBD22FB22E44F1700D9106D /* Assets.xcassets */; };
		2FBD22FF22E44F1700D9106D /* Main.storyboard in Resources */ = {isa = PBXBuildFile; fileRef = 2FBD22FD22E44F1700D9106D /* Main.storyboard */; };
		2FBD230C22E4534400D9106D /* TabViewController.swift in Sources */ = {isa = PBXBuildFile; fileRef = 2FBD230B22E4534400D9106D /* TabViewController.swift */; };
		2FBD231422E4990300D9106D /* AudioController.swift in Sources */ = {isa = PBXBuildFile; fileRef = 2FBD231322E4990200D9106D /* AudioController.swift */; };
		2FBD231622E4993300D9106D /* PraticeController.swift in Sources */ = {isa = PBXBuildFile; fileRef = 2FBD231522E4993300D9106D /* PraticeController.swift */; };
		2FBD231822E4B26B00D9106D /* NsView.swift in Sources */ = {isa = PBXBuildFile; fileRef = 2FBD231722E4B26B00D9106D /* NsView.swift */; };
/* End PBXBuildFile section */

/* Begin PBXFileReference section */
		2FBD22F422E44EF700D9106D /* TabView.app */ = {isa = PBXFileReference; explicitFileType = wrapper.application; includeInIndex = 0; path = TabView.app; sourceTree = BUILT_PRODUCTS_DIR; };
		2FBD22F722E44EF700D9106D /* AppDelegate.swift */ = {isa = PBXFileReference; lastKnownFileType = sourcecode.swift; path = AppDelegate.swift; sourceTree = "<group>"; };
		2FBD22F922E44EF700D9106D /* ViewController.swift */ = {isa = PBXFileReference; lastKnownFileType = sourcecode.swift; path = ViewController.swift; sourceTree = "<group>"; };
		2FBD22FB22E44F1700D9106D /* Assets.xcassets */ = {isa = PBXFileReference; lastKnownFileType = folder.assetcatalog; path = Assets.xcassets; sourceTree = "<group>"; };
		2FBD22FE22E44F1700D9106D /* Base */ = {isa = PBXFileReference; lastKnownFileType = file.storyboard; name = Base; path = Base.lproj/Main.storyboard; sourceTree = "<group>"; };
		2FBD230022E44F1700D9106D /* Info.plist */ = {isa = PBXFileReference; lastKnownFileType = text.plist.xml; path = Info.plist; sourceTree = "<group>"; };
		2FBD230122E44F1700D9106D /* TabView.entitlements */ = {isa = PBXFileReference; lastKnownFileType = text.plist.entitlements; path = TabView.entitlements; sourceTree = "<group>"; };
		2FBD230B22E4534400D9106D /* TabViewController.swift */ = {isa = PBXFileReference; lastKnownFileType = sourcecode.swift; path = TabViewController.swift; sourceTree = "<group>"; };
		2FBD231322E4990200D9106D /* AudioController.swift */ = {isa = PBXFileReference; lastKnownFileType = sourcecode.swift; path = AudioController.swift; sourceTree = "<group>"; };
		2FBD231522E4993300D9106D /* PraticeController.swift */ = {isa = PBXFileReference; lastKnownFileType = sourcecode.swift; path = PraticeController.swift; sourceTree = "<group>"; };
		2FBD231722E4B26B00D9106D /* NsView.swift */ = {isa = PBXFileReference; lastKnownFileType = sourcecode.swift; path = NsView.swift; sourceTree = "<group>"; };
/* End PBXFileReference section */

/* Begin PBXFrameworksBuildPhase section */
		2FBD22F122E44EF700D9106D /* Frameworks */ = {
			isa = PBXFrameworksBuildPhase;
			buildActionMask = 2147483647;
			files = (
			);
			runOnlyForDeploymentPostprocessing = 0;
		};
/* End PBXFrameworksBuildPhase section */

/* Begin PBXGroup section */
		2FBD22EB22E44EF700D9106D = {
			isa = PBXGroup;
			children = (
				2FBD22F622E44EF700D9106D /* TabView */,
				2FBD22F522E44EF700D9106D /* Products */,
			);
			sourceTree = "<group>";
		};
		2FBD22F522E44EF700D9106D /* Products */ = {
			isa = PBXGroup;
			children = (
				2FBD22F422E44EF700D9106D /* TabView.app */,
			);
			name = Products;
			sourceTree = "<group>";
		};
		2FBD22F622E44EF700D9106D /* TabView */ = {
			isa = PBXGroup;
			children = (
				2FBD22F722E44EF700D9106D /* AppDelegate.swift */,
				2FBD22F922E44EF700D9106D /* ViewController.swift */,
				2FBD22FB22E44F1700D9106D /* Assets.xcassets */,
				2FBD22FD22E44F1700D9106D /* Main.storyboard */,
				2FBD230022E44F1700D9106D /* Info.plist */,
				2FBD230122E44F1700D9106D /* TabView.entitlements */,
				2FBD230B22E4534400D9106D /* TabViewController.swift */,
				2FBD231322E4990200D9106D /* AudioController.swift */,
				2FBD231522E4993300D9106D /* PraticeController.swift */,
				2FBD231722E4B26B00D9106D /* NsView.swift */,
			);
			path = TabView;
			sourceTree = "<group>";
		};
/* End PBXGroup section */

/* Begin PBXNativeTarget section */
		2FBD22F322E44EF700D9106D /* TabView */ = {
			isa = PBXNativeTarget;
			buildConfigurationList = 2FBD230422E44F1700D9106D /* Build configuration list for PBXNativeTarget "TabView" */;
			buildPhases = (
				2FBD22F022E44EF700D9106D /* Sources */,
				2FBD22F122E44EF700D9106D /* Frameworks */,
				2FBD22F222E44EF700D9106D /* Resources */,
			);
			buildRules = (
			);
			dependencies = (
			);
			name = TabView;
			productName = TabView;
			productReference = 2FBD22F422E44EF700D9106D /* TabView.app */;
			productType = "com.apple.product-type.application";
		};
/* End PBXNativeTarget section */

/* Begin PBXProject section */
		2FBD22EC22E44EF700D9106D /* Project object */ = {
			isa = PBXProject;
			attributes = {
				LastSwiftUpdateCheck = 1010;
				LastUpgradeCheck = 1010;
				ORGANIZATIONNAME = yang;
				TargetAttributes = {
					2FBD22F322E44EF700D9106D = {
						CreatedOnToolsVersion = 10.1;
					};
				};
			};
			buildConfigurationList = 2FBD22EF22E44EF700D9106D /* Build configuration list for PBXProject "TabView" */;
			compatibilityVersion = "Xcode 9.3";
			developmentRegion = en;
			hasScannedForEncodings = 0;
			knownRegions = (
				en,
				Base,
			);
			mainGroup = 2FBD22EB22E44EF700D9106D;
			productRefGroup = 2FBD22F522E44EF700D9106D /* Products */;
			projectDirPath = "";
			projectRoot = "";
			targets = (
				2FBD22F322E44EF700D9106D /* TabView */,
			);
		};
/* End PBXProject section */

/* Begin PBXResourcesBuildPhase section */
		2FBD22F222E44EF700D9106D /* Resources */ = {
			isa = PBXResourcesBuildPhase;
			buildActionMask = 2147483647;
			files = (
				2FBD22FC22E44F1700D9106D /* Assets.xcassets in Resources */,
				2FBD22FF22E44F1700D9106D /* Main.storyboard in Resources */,
			);
			runOnlyForDeploymentPostprocessing = 0;
		};
/* End PBXResourcesBuildPhase section */

/* Begin PBXSourcesBuildPhase section */
		2FBD22F022E44EF700D9106D /* Sources */ = {
			isa = PBXSourcesBuildPhase;
			buildActionMask = 2147483647;
			files = (
				2FBD231422E4990300D9106D /* AudioController.swift in Sources */,
				2FBD231622E4993300D9106D /* PraticeController.swift in Sources */,
				2FBD230C22E4534400D9106D /* TabViewController.swift in Sources */,
				2FBD22FA22E44EF700D9106D /* ViewController.swift in Sources */,
				2FBD22F822E44EF700D9106D /* AppDelegate.swift in Sources */,
				2FBD231822E4B26B00D9106D /* NsView.swift in Sources */,
			);
			runOnlyForDeploymentPostprocessing = 0;
		};
/* End PBXSourcesBuildPhase section */

/* Begin PBXVariantGroup section */
		2FBD22FD22E44F1700D9106D /* Main.storyboard */ = {
			isa = PBXVariantGroup;
			children = (
				2FBD22FE22E44F1700D9106D /* Base */,
			);
			name = Main.storyboard;
			sourceTree = "<group>";
		};
/* End PBXVariantGroup section */

/* Begin XCBuildConfiguration section */
		2FBD230222E44F1700D9106D /* Debug */ = {
			isa = XCBuildConfiguration;
			buildSettings = {
				ALWAYS_SEARCH_USER_PATHS = NO;
				CLANG_ANALYZER_NONNULL = YES;
				CLANG_ANALYZER_NUMBER_OBJECT_CONVERSION = YES_AGGRESSIVE;
				CLANG_CXX_LANGUAGE_STANDARD = "gnu++14";
				CLANG_CXX_LIBRARY = "libc++";
				CLANG_ENABLE_MODULES = YES;
				CLANG_ENABLE_OBJC_ARC = YES;
				CLANG_ENABLE_OBJC_WEAK = YES;
				CLANG_WARN_BLOCK_CAPTURE_AUTORELEASING = YES;
				CLANG_WARN_BOOL_CONVERSION = YES;
				CLANG_WARN_COMMA = YES;
				CLANG_WARN_CONSTANT_CONVERSION = YES;
				CLANG_WARN_DEPRECATED_OBJC_IMPLEMENTATIONS = YES;
				CLANG_WARN_DIRECT_OBJC_ISA_USAGE = YES_ERROR;
				CLANG_WARN_DOCUMENTATION_COMMENTS = YES;
				CLANG_WARN_EMPTY_BODY = YES;
				CLANG_WARN_ENUM_CONVERSION = YES;
				CLANG_WARN_INFINITE_RECURSION = YES;
				CLANG_WARN_INT_CONVERSION = YES;
				CLANG_WARN_NON_LITERAL_NULL_CONVERSION = YES;
				CLANG_WARN_OBJC_IMPLICIT_RETAIN_SELF = YES;
				CLANG_WARN_OBJC_LITERAL_CONVERSION = YES;
				CLANG_WARN_OBJC_ROOT_CLASS = YES_ERROR;
				CLANG_WARN_RANGE_LOOP_ANALYSIS = YES;
				CLANG_WARN_STRICT_PROTOTYPES = YES;
				CLANG_WARN_SUSPICIOUS_MOVE = YES;
				CLANG_WARN_UNGUARDED_AVAILABILITY = YES_AGGRESSIVE;
				CLANG_WARN_UNREACHABLE_CODE = YES;
				CLANG_WARN__DUPLICATE_METHOD_MATCH = YES;
				CODE_SIGN_IDENTITY = "Mac Developer";
				COPY_PHASE_STRIP = NO;
				DEBUG_INFORMATION_FORMAT = dwarf;
				ENABLE_STRICT_OBJC_MSGSEND = YES;
				ENABLE_TESTABILITY = YES;
				GCC_C_LANGUAGE_STANDARD = gnu11;
				GCC_DYNAMIC_NO_PIC = NO;
				GCC_NO_COMMON_BLOCKS = YES;
				GCC_OPTIMIZATION_LEVEL = 0;
				GCC_PREPROCESSOR_DEFINITIONS = (
					"DEBUG=1",
					"$(inherited)",
				);
				GCC_WARN_64_TO_32_BIT_CONVERSION = YES;
				GCC_WARN_ABOUT_RETURN_TYPE = YES_ERROR;
				GCC_WARN_UNDECLARED_SELECTOR = YES;
				GCC_WARN_UNINITIALIZED_AUTOS = YES_AGGRESSIVE;
				GCC_WARN_UNUSED_FUNCTION = YES;
				GCC_WARN_UNUSED_VARIABLE = YES;
				MACOSX_DEPLOYMENT_TARGET = 10.14;
				MTL_ENABLE_DEBUG_INFO = INCLUDE_SOURCE;
				MTL_FAST_MATH = YES;
				ONLY_ACTIVE_ARCH = YES;
				SDKROOT = macosx;
				SWIFT_ACTIVE_COMPILATION_CONDITIONS = DEBUG;
				SWIFT_OPTIMIZATION_LEVEL = "-Onone";
			};
			name = Debug;
		};
		2FBD230322E44F1700D9106D /* Release */ = {
			isa = XCBuildConfiguration;
			buildSettings = {
				ALWAYS_SEARCH_USER_PATHS = NO;
				CLANG_ANALYZER_NONNULL = YES;
				CLANG_ANALYZER_NUMBER_OBJECT_CONVERSION = YES_AGGRESSIVE;
				CLANG_CXX_LANGUAGE_STANDARD = "gnu++14";
				CLANG_CXX_LIBRARY = "libc++";
				CLANG_ENABLE_MODULES = YES;
				CLANG_ENABLE_OBJC_ARC = YES;
				CLANG_ENABLE_OBJC_WEAK = YES;
				CLANG_WARN_BLOCK_CAPTURE_AUTORELEASING = YES;
				CLANG_WARN_BOOL_CONVERSION = YES;
				CLANG_WARN_COMMA = YES;
				CLANG_WARN_CONSTANT_CONVERSION = YES;
				CLANG_WARN_DEPRECATED_OBJC_IMPLEMENTATIONS = YES;
				CLANG_WARN_DIRECT_OBJC_ISA_USAGE = YES_ERROR;
				CLANG_WARN_DOCUMENTATION_COMMENTS = YES;
				CLANG_WARN_EMPTY_BODY = YES;
				CLANG_WARN_ENUM_CONVERSION = YES;
				CLANG_WARN_INFINITE_RECURSION = YES;
				CLANG_WARN_INT_CONVERSION = YES;
				CLANG_WARN_NON_LITERAL_NULL_CONVERSION = YES;
				CLANG_WARN_OBJC_IMPLICIT_RETAIN_SELF = YES;
				CLANG_WARN_OBJC_LITERAL_CONVERSION = YES;
				CLANG_WARN_OBJC_ROOT_CLASS = YES_ERROR;
				CLANG_WARN_RANGE_LOOP_ANALYSIS = YES;
				CLANG_WARN_STRICT_PROTOTYPES = YES;
				CLANG_WARN_SUSPICIOUS_MOVE = YES;
				CLANG_WARN_UNGUARDED_AVAILABILITY = YES_AGGRESSIVE;
				CLANG_WARN_UNREACHABLE_CODE = YES;
				CLANG_WARN__DUPLICATE_METHOD_MATCH = YES;
				CODE_SIGN_IDENTITY = "Mac Developer";
				COPY_PHASE_STRIP = NO;
				DEBUG_INFORMATION_FORMAT = "dwarf-with-dsym";
				ENABLE_NS_ASSERTIONS = NO;
				ENABLE_STRICT_OBJC_MSGSEND = YES;
				GCC_C_LANGUAGE_STANDARD = gnu11;
				GCC_NO_COMMON_BLOCKS = YES;
				GCC_WARN_64_TO_32_BIT_CONVERSION = YES;
				GCC_WARN_ABOUT_RETURN_TYPE = YES_ERROR;
				GCC_WARN_UNDECLARED_SELECTOR = YES;
				GCC_WARN_UNINITIALIZED_AUTOS = YES_AGGRESSIVE;
				GCC_WARN_UNUSED_FUNCTION = YES;
				GCC_WARN_UNUSED_VARIABLE = YES;
				MACOSX_DEPLOYMENT_TARGET = 10.14;
				MTL_ENABLE_DEBUG_INFO = NO;
				MTL_FAST_MATH = YES;
				SDKROOT = macosx;
				SWIFT_COMPILATION_MODE = wholemodule;
				SWIFT_OPTIMIZATION_LEVEL = "-O";
			};
			name = Release;
		};
		2FBD230522E44F1700D9106D /* Debug */ = {
			isa = XCBuildConfiguration;
			buildSettings = {
				ASSETCATALOG_COMPILER_APPICON_NAME = AppIcon;
				CODE_SIGN_ENTITLEMENTS = TabView/TabView.entitlements;
				CODE_SIGN_STYLE = Automatic;
				COMBINE_HIDPI_IMAGES = YES;
				DEVELOPMENT_TEAM = 27ZAM6TRCF;
				INFOPLIST_FILE = TabView/Info.plist;
				LD_RUNPATH_SEARCH_PATHS = (
					"$(inherited)",
					"@executable_path/../Frameworks",
				);
				PRODUCT_BUNDLE_IDENTIFIER = yang.TabView;
				PRODUCT_NAME = "$(TARGET_NAME)";
				SWIFT_VERSION = 4.2;
			};
			name = Debug;
		};
		2FBD230622E44F1700D9106D /* Release */ = {
			isa = XCBuildConfiguration;
			buildSettings = {
				ASSETCATALOG_COMPILER_APPICON_NAME = AppIcon;
				CODE_SIGN_ENTITLEMENTS = TabView/TabView.entitlements;
				CODE_SIGN_STYLE = Automatic;
				COMBINE_HIDPI_IMAGES = YES;
				DEVELOPMENT_TEAM = 27ZAM6TRCF;
				INFOPLIST_FILE = TabView/Info.plist;
				LD_RUNPATH_SEARCH_PATHS = (
					"$(inherited)",
					"@executable_path/../Frameworks",
				);
				PRODUCT_BUNDLE_IDENTIFIER = yang.TabView;
				PRODUCT_NAME = "$(TARGET_NAME)";
				SWIFT_VERSION = 4.2;
			};
			name = Release;
		};
/* End XCBuildConfiguration section */

/* Begin XCConfigurationList section */
		2FBD22EF22E44EF700D9106D /* Build configuration list for PBXProject "TabView" */ = {
			isa = XCConfigurationList;
			buildConfigurations = (
				2FBD230222E44F1700D9106D /* Debug */,
				2FBD230322E44F1700D9106D /* Release */,
			);
			defaultConfigurationIsVisible = 0;
			defaultConfigurationName = Release;
		};
		2FBD230422E44F1700D9106D /* Build configuration list for PBXNativeTarget "TabView" */ = {
			isa = XCConfigurationList;
			buildConfigurations = (
				2FBD230522E44F1700D9106D /* Debug */,
				2FBD230622E44F1700D9106D /* Release */,
			);
			defaultConfigurationIsVisible = 0;
			defaultConfigurationName = Release;
		};
/* End XCConfigurationList section */
	};
	rootObject = 2FBD22EC22E44EF700D9106D /* Project object */;
}
