// !$*UTF8*$!
{
	archiveVersion = 1;
	classes = {
	};
	objectVersion = 50;
	objects = {

/* Begin PBXBuildFile section */
		2F00C668224F1BE10050A9EB /* AppDelegate.swift in Sources */ = {isa = PBXBuildFile; fileRef = 2F00C667224F1BE10050A9EB /* AppDelegate.swift */; };
		2F00C66A224F1BE10050A9EB /* ViewController.swift in Sources */ = {isa = PBXBuildFile; fileRef = 2F00C669224F1BE10050A9EB /* ViewController.swift */; };
		2F00C66D224F1BE10050A9EB /* Main.storyboard in Resources */ = {isa = PBXBuildFile; fileRef = 2F00C66B224F1BE10050A9EB /* Main.storyboard */; };
		2F00C66F224F1BE60050A9EB /* Assets.xcassets in Resources */ = {isa = PBXBuildFile; fileRef = 2F00C66E224F1BE60050A9EB /* Assets.xcassets */; };
		2F00C672224F1BE60050A9EB /* LaunchScreen.storyboard in Resources */ = {isa = PBXBuildFile; fileRef = 2F00C670224F1BE60050A9EB /* LaunchScreen.storyboard */; };
		2F00C67A224F3E9F0050A9EB /* NameAndColorCell.swift in Sources */ = {isa = PBXBuildFile; fileRef = 2F00C679224F3E9F0050A9EB /* NameAndColorCell.swift */; };
		2FA2274F224F54C400CB5A96 /* NameAndColorCell.xib in Resources */ = {isa = PBXBuildFile; fileRef = 2FA2274E224F54C400CB5A96 /* NameAndColorCell.xib */; };
/* End PBXBuildFile section */

/* Begin PBXFileReference section */
		2F00C664224F1BE10050A9EB /* Table Cells.app */ = {isa = PBXFileReference; explicitFileType = wrapper.application; includeInIndex = 0; path = "Table Cells.app"; sourceTree = BUILT_PRODUCTS_DIR; };
		2F00C667224F1BE10050A9EB /* AppDelegate.swift */ = {isa = PBXFileReference; lastKnownFileType = sourcecode.swift; path = AppDelegate.swift; sourceTree = "<group>"; };
		2F00C669224F1BE10050A9EB /* ViewController.swift */ = {isa = PBXFileReference; lastKnownFileType = sourcecode.swift; path = ViewController.swift; sourceTree = "<group>"; };
		2F00C66C224F1BE10050A9EB /* Base */ = {isa = PBXFileReference; lastKnownFileType = file.storyboard; name = Base; path = Base.lproj/Main.storyboard; sourceTree = "<group>"; };
		2F00C66E224F1BE60050A9EB /* Assets.xcassets */ = {isa = PBXFileReference; lastKnownFileType = folder.assetcatalog; path = Assets.xcassets; sourceTree = "<group>"; };
		2F00C671224F1BE60050A9EB /* Base */ = {isa = PBXFileReference; lastKnownFileType = file.storyboard; name = Base; path = Base.lproj/LaunchScreen.storyboard; sourceTree = "<group>"; };
		2F00C673224F1BE60050A9EB /* Info.plist */ = {isa = PBXFileReference; lastKnownFileType = text.plist.xml; path = Info.plist; sourceTree = "<group>"; };
		2F00C679224F3E9F0050A9EB /* NameAndColorCell.swift */ = {isa = PBXFileReference; lastKnownFileType = sourcecode.swift; path = NameAndColorCell.swift; sourceTree = "<group>"; };
		2FA2274E224F54C400CB5A96 /* NameAndColorCell.xib */ = {isa = PBXFileReference; lastKnownFileType = file.xib; path = NameAndColorCell.xib; sourceTree = "<group>"; };
/* End PBXFileReference section */

/* Begin PBXFrameworksBuildPhase section */
		2F00C661224F1BE10050A9EB /* Frameworks */ = {
			isa = PBXFrameworksBuildPhase;
			buildActionMask = 2147483647;
			files = (
			);
			runOnlyForDeploymentPostprocessing = 0;
		};
/* End PBXFrameworksBuildPhase section */

/* Begin PBXGroup section */
		2F00C65B224F1BE10050A9EB = {
			isa = PBXGroup;
			children = (
				2F00C666224F1BE10050A9EB /* Table Cells */,
				2F00C665224F1BE10050A9EB /* Products */,
			);
			sourceTree = "<group>";
		};
		2F00C665224F1BE10050A9EB /* Products */ = {
			isa = PBXGroup;
			children = (
				2F00C664224F1BE10050A9EB /* Table Cells.app */,
			);
			name = Products;
			sourceTree = "<group>";
		};
		2F00C666224F1BE10050A9EB /* Table Cells */ = {
			isa = PBXGroup;
			children = (
				2F00C679224F3E9F0050A9EB /* NameAndColorCell.swift */,
				2F00C667224F1BE10050A9EB /* AppDelegate.swift */,
				2F00C669224F1BE10050A9EB /* ViewController.swift */,
				2F00C66B224F1BE10050A9EB /* Main.storyboard */,
				2F00C66E224F1BE60050A9EB /* Assets.xcassets */,
				2F00C670224F1BE60050A9EB /* LaunchScreen.storyboard */,
				2F00C673224F1BE60050A9EB /* Info.plist */,
				2FA2274E224F54C400CB5A96 /* NameAndColorCell.xib */,
			);
			path = "Table Cells";
			sourceTree = "<group>";
		};
/* End PBXGroup section */

/* Begin PBXNativeTarget section */
		2F00C663224F1BE10050A9EB /* Table Cells */ = {
			isa = PBXNativeTarget;
			buildConfigurationList = 2F00C676224F1BE60050A9EB /* Build configuration list for PBXNativeTarget "Table Cells" */;
			buildPhases = (
				2F00C660224F1BE10050A9EB /* Sources */,
				2F00C661224F1BE10050A9EB /* Frameworks */,
				2F00C662224F1BE10050A9EB /* Resources */,
			);
			buildRules = (
			);
			dependencies = (
			);
			name = "Table Cells";
			productName = "Table Cells";
			productReference = 2F00C664224F1BE10050A9EB /* Table Cells.app */;
			productType = "com.apple.product-type.application";
		};
/* End PBXNativeTarget section */

/* Begin PBXProject section */
		2F00C65C224F1BE10050A9EB /* Project object */ = {
			isa = PBXProject;
			attributes = {
				LastSwiftUpdateCheck = 1010;
				LastUpgradeCheck = 1010;
				ORGANIZATIONNAME = yang;
				TargetAttributes = {
					2F00C663224F1BE10050A9EB = {
						CreatedOnToolsVersion = 10.1;
					};
				};
			};
			buildConfigurationList = 2F00C65F224F1BE10050A9EB /* Build configuration list for PBXProject "Table Cells" */;
			compatibilityVersion = "Xcode 9.3";
			developmentRegion = en;
			hasScannedForEncodings = 0;
			knownRegions = (
				en,
				Base,
			);
			mainGroup = 2F00C65B224F1BE10050A9EB;
			productRefGroup = 2F00C665224F1BE10050A9EB /* Products */;
			projectDirPath = "";
			projectRoot = "";
			targets = (
				2F00C663224F1BE10050A9EB /* Table Cells */,
			);
		};
/* End PBXProject section */

/* Begin PBXResourcesBuildPhase section */
		2F00C662224F1BE10050A9EB /* Resources */ = {
			isa = PBXResourcesBuildPhase;
			buildActionMask = 2147483647;
			files = (
				2FA2274F224F54C400CB5A96 /* NameAndColorCell.xib in Resources */,
				2F00C672224F1BE60050A9EB /* LaunchScreen.storyboard in Resources */,
				2F00C66F224F1BE60050A9EB /* Assets.xcassets in Resources */,
				2F00C66D224F1BE10050A9EB /* Main.storyboard in Resources */,
			);
			runOnlyForDeploymentPostprocessing = 0;
		};
/* End PBXResourcesBuildPhase section */

/* Begin PBXSourcesBuildPhase section */
		2F00C660224F1BE10050A9EB /* Sources */ = {
			isa = PBXSourcesBuildPhase;
			buildActionMask = 2147483647;
			files = (
				2F00C67A224F3E9F0050A9EB /* NameAndColorCell.swift in Sources */,
				2F00C66A224F1BE10050A9EB /* ViewController.swift in Sources */,
				2F00C668224F1BE10050A9EB /* AppDelegate.swift in Sources */,
			);
			runOnlyForDeploymentPostprocessing = 0;
		};
/* End PBXSourcesBuildPhase section */

/* Begin PBXVariantGroup section */
		2F00C66B224F1BE10050A9EB /* Main.storyboard */ = {
			isa = PBXVariantGroup;
			children = (
				2F00C66C224F1BE10050A9EB /* Base */,
			);
			name = Main.storyboard;
			sourceTree = "<group>";
		};
		2F00C670224F1BE60050A9EB /* LaunchScreen.storyboard */ = {
			isa = PBXVariantGroup;
			children = (
				2F00C671224F1BE60050A9EB /* Base */,
			);
			name = LaunchScreen.storyboard;
			sourceTree = "<group>";
		};
/* End PBXVariantGroup section */

/* Begin XCBuildConfiguration section */
		2F00C674224F1BE60050A9EB /* Debug */ = {
			isa = XCBuildConfiguration;
			buildSettings = {
				ALWAYS_SEARCH_USER_PATHS = NO;
				CLANG_ANALYZER_NONNULL = YES;
				CLANG_ANALYZER_NUMBER_OBJECT_CONVERSION = YES_AGGRESSIVE;
				CLANG_CXX_LANGUAGE_STANDARD = "gnu++14";
				CLANG_CXX_LIBRARY = "libc++";
				CLANG_ENABLE_MODULES = YES;
				CLANG_ENABLE_OBJC_ARC = YES;
				CLANG_ENABLE_OBJC_WEAK = YES;
				CLANG_WARN_BLOCK_CAPTURE_AUTORELEASING = YES;
				CLANG_WARN_BOOL_CONVERSION = YES;
				CLANG_WARN_COMMA = YES;
				CLANG_WARN_CONSTANT_CONVERSION = YES;
				CLANG_WARN_DEPRECATED_OBJC_IMPLEMENTATIONS = YES;
				CLANG_WARN_DIRECT_OBJC_ISA_USAGE = YES_ERROR;
				CLANG_WARN_DOCUMENTATION_COMMENTS = YES;
				CLANG_WARN_EMPTY_BODY = YES;
				CLANG_WARN_ENUM_CONVERSION = YES;
				CLANG_WARN_INFINITE_RECURSION = YES;
				CLANG_WARN_INT_CONVERSION = YES;
				CLANG_WARN_NON_LITERAL_NULL_CONVERSION = YES;
				CLANG_WARN_OBJC_IMPLICIT_RETAIN_SELF = YES;
				CLANG_WARN_OBJC_LITERAL_CONVERSION = YES;
				CLANG_WARN_OBJC_ROOT_CLASS = YES_ERROR;
				CLANG_WARN_RANGE_LOOP_ANALYSIS = YES;
				CLANG_WARN_STRICT_PROTOTYPES = YES;
				CLANG_WARN_SUSPICIOUS_MOVE = YES;
				CLANG_WARN_UNGUARDED_AVAILABILITY = YES_AGGRESSIVE;
				CLANG_WARN_UNREACHABLE_CODE = YES;
				CLANG_WARN__DUPLICATE_METHOD_MATCH = YES;
				CODE_SIGN_IDENTITY = "iPhone Developer";
				COPY_PHASE_STRIP = NO;
				DEBUG_INFORMATION_FORMAT = dwarf;
				ENABLE_STRICT_OBJC_MSGSEND = YES;
				ENABLE_TESTABILITY = YES;
				GCC_C_LANGUAGE_STANDARD = gnu11;
				GCC_DYNAMIC_NO_PIC = NO;
				GCC_NO_COMMON_BLOCKS = YES;
				GCC_OPTIMIZATION_LEVEL = 0;
				GCC_PREPROCESSOR_DEFINITIONS = (
					"DEBUG=1",
					"$(inherited)",
				);
				GCC_WARN_64_TO_32_BIT_CONVERSION = YES;
				GCC_WARN_ABOUT_RETURN_TYPE = YES_ERROR;
				GCC_WARN_UNDECLARED_SELECTOR = YES;
				GCC_WARN_UNINITIALIZED_AUTOS = YES_AGGRESSIVE;
				GCC_WARN_UNUSED_FUNCTION = YES;
				GCC_WARN_UNUSED_VARIABLE = YES;
				IPHONEOS_DEPLOYMENT_TARGET = 12.1;
				MTL_ENABLE_DEBUG_INFO = INCLUDE_SOURCE;
				MTL_FAST_MATH = YES;
				ONLY_ACTIVE_ARCH = YES;
				SDKROOT = iphoneos;
				SWIFT_ACTIVE_COMPILATION_CONDITIONS = DEBUG;
				SWIFT_OPTIMIZATION_LEVEL = "-Onone";
			};
			name = Debug;
		};
		2F00C675224F1BE60050A9EB /* Release */ = {
			isa = XCBuildConfiguration;
			buildSettings = {
				ALWAYS_SEARCH_USER_PATHS = NO;
				CLANG_ANALYZER_NONNULL = YES;
				CLANG_ANALYZER_NUMBER_OBJECT_CONVERSION = YES_AGGRESSIVE;
				CLANG_CXX_LANGUAGE_STANDARD = "gnu++14";
				CLANG_CXX_LIBRARY = "libc++";
				CLANG_ENABLE_MODULES = YES;
				CLANG_ENABLE_OBJC_ARC = YES;
				CLANG_ENABLE_OBJC_WEAK = YES;
				CLANG_WARN_BLOCK_CAPTURE_AUTORELEASING = YES;
				CLANG_WARN_BOOL_CONVERSION = YES;
				CLANG_WARN_COMMA = YES;
				CLANG_WARN_CONSTANT_CONVERSION = YES;
				CLANG_WARN_DEPRECATED_OBJC_IMPLEMENTATIONS = YES;
				CLANG_WARN_DIRECT_OBJC_ISA_USAGE = YES_ERROR;
				CLANG_WARN_DOCUMENTATION_COMMENTS = YES;
				CLANG_WARN_EMPTY_BODY = YES;
				CLANG_WARN_ENUM_CONVERSION = YES;
				CLANG_WARN_INFINITE_RECURSION = YES;
				CLANG_WARN_INT_CONVERSION = YES;
				CLANG_WARN_NON_LITERAL_NULL_CONVERSION = YES;
				CLANG_WARN_OBJC_IMPLICIT_RETAIN_SELF = YES;
				CLANG_WARN_OBJC_LITERAL_CONVERSION = YES;
				CLANG_WARN_OBJC_ROOT_CLASS = YES_ERROR;
				CLANG_WARN_RANGE_LOOP_ANALYSIS = YES;
				CLANG_WARN_STRICT_PROTOTYPES = YES;
				CLANG_WARN_SUSPICIOUS_MOVE = YES;
				CLANG_WARN_UNGUARDED_AVAILABILITY = YES_AGGRESSIVE;
				CLANG_WARN_UNREACHABLE_CODE = YES;
				CLANG_WARN__DUPLICATE_METHOD_MATCH = YES;
				CODE_SIGN_IDENTITY = "iPhone Developer";
				COPY_PHASE_STRIP = NO;
				DEBUG_INFORMATION_FORMAT = "dwarf-with-dsym";
				ENABLE_NS_ASSERTIONS = NO;
				ENABLE_STRICT_OBJC_MSGSEND = YES;
				GCC_C_LANGUAGE_STANDARD = gnu11;
				GCC_NO_COMMON_BLOCKS = YES;
				GCC_WARN_64_TO_32_BIT_CONVERSION = YES;
				GCC_WARN_ABOUT_RETURN_TYPE = YES_ERROR;
				GCC_WARN_UNDECLARED_SELECTOR = YES;
				GCC_WARN_UNINITIALIZED_AUTOS = YES_AGGRESSIVE;
				GCC_WARN_UNUSED_FUNCTION = YES;
				GCC_WARN_UNUSED_VARIABLE = YES;
				IPHONEOS_DEPLOYMENT_TARGET = 12.1;
				MTL_ENABLE_DEBUG_INFO = NO;
				MTL_FAST_MATH = YES;
				SDKROOT = iphoneos;
				SWIFT_COMPILATION_MODE = wholemodule;
				SWIFT_OPTIMIZATION_LEVEL = "-O";
				VALIDATE_PRODUCT = YES;
			};
			name = Release;
		};
		2F00C677224F1BE60050A9EB /* Debug */ = {
			isa = XCBuildConfiguration;
			buildSettings = {
				ASSETCATALOG_COMPILER_APPICON_NAME = AppIcon;
				CODE_SIGN_STYLE = Automatic;
				DEVELOPMENT_TEAM = 27ZAM6TRCF;
				INFOPLIST_FILE = "Table Cells/Info.plist";
				LD_RUNPATH_SEARCH_PATHS = (
					"$(inherited)",
					"@executable_path/Frameworks",
				);
				PRODUCT_BUNDLE_IDENTIFIER = "yang.Table-Cells";
				PRODUCT_NAME = "$(TARGET_NAME)";
				SWIFT_VERSION = 4.2;
				TARGETED_DEVICE_FAMILY = "1,2";
			};
			name = Debug;
		};
		2F00C678224F1BE60050A9EB /* Release */ = {
			isa = XCBuildConfiguration;
			buildSettings = {
				ASSETCATALOG_COMPILER_APPICON_NAME = AppIcon;
				CODE_SIGN_STYLE = Automatic;
				DEVELOPMENT_TEAM = 27ZAM6TRCF;
				INFOPLIST_FILE = "Table Cells/Info.plist";
				LD_RUNPATH_SEARCH_PATHS = (
					"$(inherited)",
					"@executable_path/Frameworks",
				);
				PRODUCT_BUNDLE_IDENTIFIER = "yang.Table-Cells";
				PRODUCT_NAME = "$(TARGET_NAME)";
				SWIFT_VERSION = 4.2;
				TARGETED_DEVICE_FAMILY = "1,2";
			};
			name = Release;
		};
/* End XCBuildConfiguration section */

/* Begin XCConfigurationList section */
		2F00C65F224F1BE10050A9EB /* Build configuration list for PBXProject "Table Cells" */ = {
			isa = XCConfigurationList;
			buildConfigurations = (
				2F00C674224F1BE60050A9EB /* Debug */,
				2F00C675224F1BE60050A9EB /* Release */,
			);
			defaultConfigurationIsVisible = 0;
			defaultConfigurationName = Release;
		};
		2F00C676224F1BE60050A9EB /* Build configuration list for PBXNativeTarget "Table Cells" */ = {
			isa = XCConfigurationList;
			buildConfigurations = (
				2F00C677224F1BE60050A9EB /* Debug */,
				2F00C678224F1BE60050A9EB /* Release */,
			);
			defaultConfigurationIsVisible = 0;
			defaultConfigurationName = Release;
		};
/* End XCConfigurationList section */
	};
	rootObject = 2F00C65C224F1BE10050A9EB /* Project object */;
}
