// !$*UTF8*$!
{
	archiveVersion = 1;
	classes = {
	};
	objectVersion = 46;
	objects = {

/* Begin PBXBuildFile section */
		268043731E628BFE004824BA /* AppDelegate.swift in Sources */ = {isa = PBXBuildFile; fileRef = 268043721E628BFE004824BA /* AppDelegate.swift */; };
		268043751E628BFE004824BA /* ViewController.swift in Sources */ = {isa = PBXBuildFile; fileRef = 268043741E628BFE004824BA /* ViewController.swift */; };
		268043771E628BFE004824BA /* Assets.xcassets in Resources */ = {isa = PBXBuildFile; fileRef = 268043761E628BFE004824BA /* Assets.xcassets */; };
		2680437A1E628BFE004824BA /* Main.storyboard in Resources */ = {isa = PBXBuildFile; fileRef = 268043781E628BFE004824BA /* Main.storyboard */; };
		268043831E628C68004824BA /* Product.swift in Sources */ = {isa = PBXBuildFile; fileRef = 268043811E628C68004824BA /* Product.swift */; };
		268043841E628C68004824BA /* Products.plist in Resources */ = {isa = PBXBuildFile; fileRef = 268043821E628C68004824BA /* Products.plist */; };
		268043861E6294BE004824BA /* OverviewController.swift in Sources */ = {isa = PBXBuildFile; fileRef = 268043851E6294BE004824BA /* OverviewController.swift */; };
		268043881E6299EF004824BA /* DetailViewController.swift in Sources */ = {isa = PBXBuildFile; fileRef = 268043871E6299EF004824BA /* DetailViewController.swift */; };
/* End PBXBuildFile section */

/* Begin PBXFileReference section */
		2680436F1E628BFE004824BA /* RWStore.app */ = {isa = PBXFileReference; explicitFileType = wrapper.application; includeInIndex = 0; path = RWStore.app; sourceTree = BUILT_PRODUCTS_DIR; };
		268043721E628BFE004824BA /* AppDelegate.swift */ = {isa = PBXFileReference; lastKnownFileType = sourcecode.swift; path = AppDelegate.swift; sourceTree = "<group>"; };
		268043741E628BFE004824BA /* ViewController.swift */ = {isa = PBXFileReference; lastKnownFileType = sourcecode.swift; path = ViewController.swift; sourceTree = "<group>"; };
		268043761E628BFE004824BA /* Assets.xcassets */ = {isa = PBXFileReference; lastKnownFileType = folder.assetcatalog; path = Assets.xcassets; sourceTree = "<group>"; };
		268043791E628BFE004824BA /* Base */ = {isa = PBXFileReference; lastKnownFileType = file.storyboard; name = Base; path = Base.lproj/Main.storyboard; sourceTree = "<group>"; };
		2680437B1E628BFE004824BA /* Info.plist */ = {isa = PBXFileReference; lastKnownFileType = text.plist.xml; path = Info.plist; sourceTree = "<group>"; };
		268043811E628C68004824BA /* Product.swift */ = {isa = PBXFileReference; fileEncoding = 4; lastKnownFileType = sourcecode.swift; path = Product.swift; sourceTree = "<group>"; };
		268043821E628C68004824BA /* Products.plist */ = {isa = PBXFileReference; fileEncoding = 4; lastKnownFileType = text.plist.xml; path = Products.plist; sourceTree = "<group>"; };
		268043851E6294BE004824BA /* OverviewController.swift */ = {isa = PBXFileReference; fileEncoding = 4; lastKnownFileType = sourcecode.swift; path = OverviewController.swift; sourceTree = "<group>"; };
		268043871E6299EF004824BA /* DetailViewController.swift */ = {isa = PBXFileReference; fileEncoding = 4; lastKnownFileType = sourcecode.swift; path = DetailViewController.swift; sourceTree = "<group>"; };
/* End PBXFileReference section */

/* Begin PBXFrameworksBuildPhase section */
		2680436C1E628BFE004824BA /* Frameworks */ = {
			isa = PBXFrameworksBuildPhase;
			buildActionMask = 2147483647;
			files = (
			);
			runOnlyForDeploymentPostprocessing = 0;
		};
/* End PBXFrameworksBuildPhase section */

/* Begin PBXGroup section */
		268043661E628BFE004824BA = {
			isa = PBXGroup;
			children = (
				268043711E628BFE004824BA /* RWStore */,
				268043701E628BFE004824BA /* Products */,
			);
			indentWidth = 2;
			sourceTree = "<group>";
			tabWidth = 2;
		};
		268043701E628BFE004824BA /* Products */ = {
			isa = PBXGroup;
			children = (
				2680436F1E628BFE004824BA /* RWStore.app */,
			);
			name = Products;
			sourceTree = "<group>";
		};
		268043711E628BFE004824BA /* RWStore */ = {
			isa = PBXGroup;
			children = (
				268043721E628BFE004824BA /* AppDelegate.swift */,
				268043741E628BFE004824BA /* ViewController.swift */,
				268043851E6294BE004824BA /* OverviewController.swift */,
				268043871E6299EF004824BA /* DetailViewController.swift */,
				268043811E628C68004824BA /* Product.swift */,
				268043821E628C68004824BA /* Products.plist */,
				268043761E628BFE004824BA /* Assets.xcassets */,
				268043781E628BFE004824BA /* Main.storyboard */,
				2680437B1E628BFE004824BA /* Info.plist */,
			);
			path = RWStore;
			sourceTree = "<group>";
		};
/* End PBXGroup section */

/* Begin PBXNativeTarget section */
		2680436E1E628BFE004824BA /* RWStore */ = {
			isa = PBXNativeTarget;
			buildConfigurationList = 2680437E1E628BFE004824BA /* Build configuration list for PBXNativeTarget "RWStore" */;
			buildPhases = (
				2680436B1E628BFE004824BA /* Sources */,
				2680436C1E628BFE004824BA /* Frameworks */,
				2680436D1E628BFE004824BA /* Resources */,
			);
			buildRules = (
			);
			dependencies = (
			);
			name = RWStore;
			productName = RWStore;
			productReference = 2680436F1E628BFE004824BA /* RWStore.app */;
			productType = "com.apple.product-type.application";
		};
/* End PBXNativeTarget section */

/* Begin PBXProject section */
		268043671E628BFE004824BA /* Project object */ = {
			isa = PBXProject;
			attributes = {
				LastSwiftUpdateCheck = 0820;
				LastUpgradeCheck = 0820;
				ORGANIZATIONNAME = "Ray Wenderlich";
				TargetAttributes = {
					2680436E1E628BFE004824BA = {
						CreatedOnToolsVersion = 8.2.1;
						ProvisioningStyle = Automatic;
					};
				};
			};
			buildConfigurationList = 2680436A1E628BFE004824BA /* Build configuration list for PBXProject "RWStore" */;
			compatibilityVersion = "Xcode 3.2";
			developmentRegion = English;
			hasScannedForEncodings = 0;
			knownRegions = (
				en,
				Base,
			);
			mainGroup = 268043661E628BFE004824BA;
			productRefGroup = 268043701E628BFE004824BA /* Products */;
			projectDirPath = "";
			projectRoot = "";
			targets = (
				2680436E1E628BFE004824BA /* RWStore */,
			);
		};
/* End PBXProject section */

/* Begin PBXResourcesBuildPhase section */
		2680436D1E628BFE004824BA /* Resources */ = {
			isa = PBXResourcesBuildPhase;
			buildActionMask = 2147483647;
			files = (
				268043771E628BFE004824BA /* Assets.xcassets in Resources */,
				2680437A1E628BFE004824BA /* Main.storyboard in Resources */,
				268043841E628C68004824BA /* Products.plist in Resources */,
			);
			runOnlyForDeploymentPostprocessing = 0;
		};
/* End PBXResourcesBuildPhase section */

/* Begin PBXSourcesBuildPhase section */
		2680436B1E628BFE004824BA /* Sources */ = {
			isa = PBXSourcesBuildPhase;
			buildActionMask = 2147483647;
			files = (
				268043751E628BFE004824BA /* ViewController.swift in Sources */,
				268043731E628BFE004824BA /* AppDelegate.swift in Sources */,
				268043881E6299EF004824BA /* DetailViewController.swift in Sources */,
				268043861E6294BE004824BA /* OverviewController.swift in Sources */,
				268043831E628C68004824BA /* Product.swift in Sources */,
			);
			runOnlyForDeploymentPostprocessing = 0;
		};
/* End PBXSourcesBuildPhase section */

/* Begin PBXVariantGroup section */
		268043781E628BFE004824BA /* Main.storyboard */ = {
			isa = PBXVariantGroup;
			children = (
				268043791E628BFE004824BA /* Base */,
			);
			name = Main.storyboard;
			sourceTree = "<group>";
		};
/* End PBXVariantGroup section */

/* Begin XCBuildConfiguration section */
		2680437C1E628BFE004824BA /* Debug */ = {
			isa = XCBuildConfiguration;
			buildSettings = {
				ALWAYS_SEARCH_USER_PATHS = NO;
				CLANG_ANALYZER_NONNULL = YES;
				CLANG_CXX_LANGUAGE_STANDARD = "gnu++0x";
				CLANG_CXX_LIBRARY = "libc++";
				CLANG_ENABLE_MODULES = YES;
				CLANG_ENABLE_OBJC_ARC = YES;
				CLANG_WARN_BOOL_CONVERSION = YES;
				CLANG_WARN_CONSTANT_CONVERSION = YES;
				CLANG_WARN_DIRECT_OBJC_ISA_USAGE = YES_ERROR;
				CLANG_WARN_DOCUMENTATION_COMMENTS = YES;
				CLANG_WARN_EMPTY_BODY = YES;
				CLANG_WARN_ENUM_CONVERSION = YES;
				CLANG_WARN_INFINITE_RECURSION = YES;
				CLANG_WARN_INT_CONVERSION = YES;
				CLANG_WARN_OBJC_ROOT_CLASS = YES_ERROR;
				CLANG_WARN_SUSPICIOUS_MOVE = YES;
				CLANG_WARN_UNREACHABLE_CODE = YES;
				CLANG_WARN__DUPLICATE_METHOD_MATCH = YES;
				CODE_SIGN_IDENTITY = "-";
				COPY_PHASE_STRIP = NO;
				DEBUG_INFORMATION_FORMAT = dwarf;
				ENABLE_STRICT_OBJC_MSGSEND = YES;
				ENABLE_TESTABILITY = YES;
				GCC_C_LANGUAGE_STANDARD = gnu99;
				GCC_DYNAMIC_NO_PIC = NO;
				GCC_NO_COMMON_BLOCKS = YES;
				GCC_OPTIMIZATION_LEVEL = 0;
				GCC_PREPROCESSOR_DEFINITIONS = (
					"DEBUG=1",
					"$(inherited)",
				);
				GCC_WARN_64_TO_32_BIT_CONVERSION = YES;
				GCC_WARN_ABOUT_RETURN_TYPE = YES_ERROR;
				GCC_WARN_UNDECLARED_SELECTOR = YES;
				GCC_WARN_UNINITIALIZED_AUTOS = YES_AGGRESSIVE;
				GCC_WARN_UNUSED_FUNCTION = YES;
				GCC_WARN_UNUSED_VARIABLE = YES;
				MACOSX_DEPLOYMENT_TARGET = 10.12;
				MTL_ENABLE_DEBUG_INFO = YES;
				ONLY_ACTIVE_ARCH = YES;
				SDKROOT = macosx;
				SWIFT_ACTIVE_COMPILATION_CONDITIONS = DEBUG;
				SWIFT_OPTIMIZATION_LEVEL = "-Onone";
			};
			name = Debug;
		};
		2680437D1E628BFE004824BA /* Release */ = {
			isa = XCBuildConfiguration;
			buildSettings = {
				ALWAYS_SEARCH_USER_PATHS = NO;
				CLANG_ANALYZER_NONNULL = YES;
				CLANG_CXX_LANGUAGE_STANDARD = "gnu++0x";
				CLANG_CXX_LIBRARY = "libc++";
				CLANG_ENABLE_MODULES = YES;
				CLANG_ENABLE_OBJC_ARC = YES;
				CLANG_WARN_BOOL_CONVERSION = YES;
				CLANG_WARN_CONSTANT_CONVERSION = YES;
				CLANG_WARN_DIRECT_OBJC_ISA_USAGE = YES_ERROR;
				CLANG_WARN_DOCUMENTATION_COMMENTS = YES;
				CLANG_WARN_EMPTY_BODY = YES;
				CLANG_WARN_ENUM_CONVERSION = YES;
				CLANG_WARN_INFINITE_RECURSION = YES;
				CLANG_WARN_INT_CONVERSION = YES;
				CLANG_WARN_OBJC_ROOT_CLASS = YES_ERROR;
				CLANG_WARN_SUSPICIOUS_MOVE = YES;
				CLANG_WARN_UNREACHABLE_CODE = YES;
				CLANG_WARN__DUPLICATE_METHOD_MATCH = YES;
				CODE_SIGN_IDENTITY = "-";
				COPY_PHASE_STRIP = NO;
				DEBUG_INFORMATION_FORMAT = "dwarf-with-dsym";
				ENABLE_NS_ASSERTIONS = NO;
				ENABLE_STRICT_OBJC_MSGSEND = YES;
				GCC_C_LANGUAGE_STANDARD = gnu99;
				GCC_NO_COMMON_BLOCKS = YES;
				GCC_WARN_64_TO_32_BIT_CONVERSION = YES;
				GCC_WARN_ABOUT_RETURN_TYPE = YES_ERROR;
				GCC_WARN_UNDECLARED_SELECTOR = YES;
				GCC_WARN_UNINITIALIZED_AUTOS = YES_AGGRESSIVE;
				GCC_WARN_UNUSED_FUNCTION = YES;
				GCC_WARN_UNUSED_VARIABLE = YES;
				MACOSX_DEPLOYMENT_TARGET = 10.12;
				MTL_ENABLE_DEBUG_INFO = NO;
				SDKROOT = macosx;
				SWIFT_OPTIMIZATION_LEVEL = "-Owholemodule";
			};
			name = Release;
		};
		2680437F1E628BFE004824BA /* Debug */ = {
			isa = XCBuildConfiguration;
			buildSettings = {
				ASSETCATALOG_COMPILER_APPICON_NAME = AppIcon;
				COMBINE_HIDPI_IMAGES = YES;
				INFOPLIST_FILE = RWStore/Info.plist;
				LD_RUNPATH_SEARCH_PATHS = "$(inherited) @executable_path/../Frameworks";
				PRODUCT_BUNDLE_IDENTIFIER = com.razeware.RWStore;
				PRODUCT_NAME = "$(TARGET_NAME)";
				SWIFT_VERSION = 3.0;
			};
			name = Debug;
		};
		268043801E628BFE004824BA /* Release */ = {
			isa = XCBuildConfiguration;
			buildSettings = {
				ASSETCATALOG_COMPILER_APPICON_NAME = AppIcon;
				COMBINE_HIDPI_IMAGES = YES;
				INFOPLIST_FILE = RWStore/Info.plist;
				LD_RUNPATH_SEARCH_PATHS = "$(inherited) @executable_path/../Frameworks";
				PRODUCT_BUNDLE_IDENTIFIER = com.razeware.RWStore;
				PRODUCT_NAME = "$(TARGET_NAME)";
				SWIFT_VERSION = 3.0;
			};
			name = Release;
		};
/* End XCBuildConfiguration section */

/* Begin XCConfigurationList section */
		2680436A1E628BFE004824BA /* Build configuration list for PBXProject "RWStore" */ = {
			isa = XCConfigurationList;
			buildConfigurations = (
				2680437C1E628BFE004824BA /* Debug */,
				2680437D1E628BFE004824BA /* Release */,
			);
			defaultConfigurationIsVisible = 0;
			defaultConfigurationName = Release;
		};
		2680437E1E628BFE004824BA /* Build configuration list for PBXNativeTarget "RWStore" */ = {
			isa = XCConfigurationList;
			buildConfigurations = (
				2680437F1E628BFE004824BA /* Debug */,
				268043801E628BFE004824BA /* Release */,
			);
			defaultConfigurationIsVisible = 0;
		};
/* End XCConfigurationList section */
	};
	rootObject = 268043671E628BFE004824BA /* Project object */;
}
